Microsoft Visual Studio Solution File, Format Version 11.00
# Visual Studio 2010
Project("{8BC9CEB8-8B4A-11D0-8D11-00A0C91BC942}") = "prep", "mpr-win\prep.vcxproj", "{122C367C-9C3C-4456-8C5D-B8E924B86799}"
EndProject
Project("{8BC9CEB8-8B4A-11D0-8D11-00A0C91BC942}") = "libmpr", "mpr-win\libmpr.vcxproj", "{8C1896CB-DE7D-415F-B1C4-AC8D17C9DCD4}"
	ProjectSection(ProjectDependencies) = postProject
		{122C367C-9C3C-4456-8C5D-B8E924B86799} = {122C367C-9C3C-4456-8C5D-B8E924B86799}
	EndProjectSection
EndProject
Project("{8BC9CEB8-8B4A-11D0-8D11-00A0C91BC942}") = "benchMpr", "mpr-win\benchMpr.vcxproj", "{F0E2559C-9EA0-4F12-8196-661C740DC537}"
	ProjectSection(ProjectDependencies) = postProject
		{122C367C-9C3C-4456-8C5D-B8E924B86799} = {122C367C-9C3C-4456-8C5D-B8E924B86799}
	EndProjectSection
	ProjectSection(ProjectDependencies) = postProject
		{8C1896CB-DE7D-415F-B1C4-AC8D17C9DCD4} = {8C1896CB-DE7D-415F-B1C4-AC8D17C9DCD4}
	EndProjectSection
EndProject
Project("{8BC9CEB8-8B4A-11D0-8D11-00A0C91BC942}") = "runProgram", "mpr-win\runProgram.vcxproj", "{CB94124A-95A4-4BFA-A173-AA613E8B070E}"
	ProjectSection(ProjectDependencies) = postProject
		{122C367C-9C3C-4456-8C5D-B8E924B86799} = {122C367C-9C3C-4456-8C5D-B8E924B86799}
	EndProjectSection
EndProject
Project("{8BC9CEB8-8B4A-11D0-8D11-00A0C91BC942}") = "libmprssl", "mpr-win\libmprssl.vcxproj", "{05928D03-BBCC-4C2F-8A46-ABAEA5EF4FB7}"
	ProjectSection(ProjectDependencies) = postProject
		{122C367C-9C3C-4456-8C5D-B8E924B86799} = {122C367C-9C3C-4456-8C5D-B8E924B86799}
	EndProjectSection
	ProjectSection(ProjectDependencies) = postProject
		{8C1896CB-DE7D-415F-B1C4-AC8D17C9DCD4} = {8C1896CB-DE7D-415F-B1C4-AC8D17C9DCD4}
	EndProjectSection
EndProject
Project("{8BC9CEB8-8B4A-11D0-8D11-00A0C91BC942}") = "testMpr", "mpr-win\testMpr.vcxproj", "{28F3BDB8-C4CA-49D5-80BA-8A4E7930F09E}"
	ProjectSection(ProjectDependencies) = postProject
		{122C367C-9C3C-4456-8C5D-B8E924B86799} = {122C367C-9C3C-4456-8C5D-B8E924B86799}
	EndProjectSection
	ProjectSection(ProjectDependencies) = postProject
		{8C1896CB-DE7D-415F-B1C4-AC8D17C9DCD4} = {8C1896CB-DE7D-415F-B1C4-AC8D17C9DCD4}
	EndProjectSection
	ProjectSection(ProjectDependencies) = postProject
		{05928D03-BBCC-4C2F-8A46-ABAEA5EF4FB7} = {05928D03-BBCC-4C2F-8A46-ABAEA5EF4FB7}
	EndProjectSection
	ProjectSection(ProjectDependencies) = postProject
		{CB94124A-95A4-4BFA-A173-AA613E8B070E} = {CB94124A-95A4-4BFA-A173-AA613E8B070E}
	EndProjectSection
EndProject
Project("{8BC9CEB8-8B4A-11D0-8D11-00A0C91BC942}") = "manager", "mpr-win\manager.vcxproj", "{443C91CD-D9D9-499E-8462-95B39875AEDD}"
	ProjectSection(ProjectDependencies) = postProject
		{122C367C-9C3C-4456-8C5D-B8E924B86799} = {122C367C-9C3C-4456-8C5D-B8E924B86799}
	EndProjectSection
	ProjectSection(ProjectDependencies) = postProject
		{8C1896CB-DE7D-415F-B1C4-AC8D17C9DCD4} = {8C1896CB-DE7D-415F-B1C4-AC8D17C9DCD4}
	EndProjectSection
EndProject
Project("{8BC9CEB8-8B4A-11D0-8D11-00A0C91BC942}") = "makerom", "mpr-win\makerom.vcxproj", "{4408B41A-29C6-446A-AAC6-DC60E287669A}"
	ProjectSection(ProjectDependencies) = postProject
		{122C367C-9C3C-4456-8C5D-B8E924B86799} = {122C367C-9C3C-4456-8C5D-B8E924B86799}
	EndProjectSection
	ProjectSection(ProjectDependencies) = postProject
		{8C1896CB-DE7D-415F-B1C4-AC8D17C9DCD4} = {8C1896CB-DE7D-415F-B1C4-AC8D17C9DCD4}
	EndProjectSection
EndProject
Project("{8BC9CEB8-8B4A-11D0-8D11-00A0C91BC942}") = "chargen", "mpr-win\chargen.vcxproj", "{F972E28B-BBFC-4B62-9990-A55255F3D035}"
	ProjectSection(ProjectDependencies) = postProject
		{122C367C-9C3C-4456-8C5D-B8E924B86799} = {122C367C-9C3C-4456-8C5D-B8E924B86799}
	EndProjectSection
	ProjectSection(ProjectDependencies) = postProject
		{8C1896CB-DE7D-415F-B1C4-AC8D17C9DCD4} = {8C1896CB-DE7D-415F-B1C4-AC8D17C9DCD4}
	EndProjectSection
EndProject

Global
	GlobalSection(SolutionConfigurationPlatforms) = preSolution
		Debug|Win32 = Debug|Win32
		Debug|x64 = Debug|x64
		Release|Win32 = Release|Win32
		Release|x64 = Release|x64
	EndGlobalSection
	GlobalSection(ProjectConfigurationPlatforms) = postSolution
{122C367C-9C3C-4456-8C5D-B8E924B86799}.Debug|Win32.ActiveCfg = Debug|Win32
{122C367C-9C3C-4456-8C5D-B8E924B86799}.Debug|Win32.Build.0 = Debug|Win32
{122C367C-9C3C-4456-8C5D-B8E924B86799}.Debug|x64.ActiveCfg = Debug|x64
{122C367C-9C3C-4456-8C5D-B8E924B86799}.Debug|x64.Build.0 = Debug|x64
{122C367C-9C3C-4456-8C5D-B8E924B86799}.Release|Win32.ActiveCfg = Release|Win32
{122C367C-9C3C-4456-8C5D-B8E924B86799}.Release|Win32.Build.0 = Release|Win32
{122C367C-9C3C-4456-8C5D-B8E924B86799}.Release|x64.ActiveCfg = Release|x64
{122C367C-9C3C-4456-8C5D-B8E924B86799}.Release|x64.Build.0 = Release|x64
{8C1896CB-DE7D-415F-B1C4-AC8D17C9DCD4}.Debug|Win32.ActiveCfg = Debug|Win32
{8C1896CB-DE7D-415F-B1C4-AC8D17C9DCD4}.Debug|Win32.Build.0 = Debug|Win32
{8C1896CB-DE7D-415F-B1C4-AC8D17C9DCD4}.Debug|x64.ActiveCfg = Debug|x64
{8C1896CB-DE7D-415F-B1C4-AC8D17C9DCD4}.Debug|x64.Build.0 = Debug|x64
{8C1896CB-DE7D-415F-B1C4-AC8D17C9DCD4}.Release|Win32.ActiveCfg = Release|Win32
{8C1896CB-DE7D-415F-B1C4-AC8D17C9DCD4}.Release|Win32.Build.0 = Release|Win32
{8C1896CB-DE7D-415F-B1C4-AC8D17C9DCD4}.Release|x64.ActiveCfg = Release|x64
{8C1896CB-DE7D-415F-B1C4-AC8D17C9DCD4}.Release|x64.Build.0 = Release|x64
{F0E2559C-9EA0-4F12-8196-661C740DC537}.Debug|Win32.ActiveCfg = Debug|Win32
{F0E2559C-9EA0-4F12-8196-661C740DC537}.Debug|Win32.Build.0 = Debug|Win32
{F0E2559C-9EA0-4F12-8196-661C740DC537}.Debug|x64.ActiveCfg = Debug|x64
{F0E2559C-9EA0-4F12-8196-661C740DC537}.Debug|x64.Build.0 = Debug|x64
{F0E2559C-9EA0-4F12-8196-661C740DC537}.Release|Win32.ActiveCfg = Release|Win32
{F0E2559C-9EA0-4F12-8196-661C740DC537}.Release|Win32.Build.0 = Release|Win32
{F0E2559C-9EA0-4F12-8196-661C740DC537}.Release|x64.ActiveCfg = Release|x64
{F0E2559C-9EA0-4F12-8196-661C740DC537}.Release|x64.Build.0 = Release|x64
{CB94124A-95A4-4BFA-A173-AA613E8B070E}.Debug|Win32.ActiveCfg = Debug|Win32
{CB94124A-95A4-4BFA-A173-AA613E8B070E}.Debug|Win32.Build.0 = Debug|Win32
{CB94124A-95A4-4BFA-A173-AA613E8B070E}.Debug|x64.ActiveCfg = Debug|x64
{CB94124A-95A4-4BFA-A173-AA613E8B070E}.Debug|x64.Build.0 = Debug|x64
{CB94124A-95A4-4BFA-A173-AA613E8B070E}.Release|Win32.ActiveCfg = Release|Win32
{CB94124A-95A4-4BFA-A173-AA613E8B070E}.Release|Win32.Build.0 = Release|Win32
{CB94124A-95A4-4BFA-A173-AA613E8B070E}.Release|x64.ActiveCfg = Release|x64
{CB94124A-95A4-4BFA-A173-AA613E8B070E}.Release|x64.Build.0 = Release|x64
{05928D03-BBCC-4C2F-8A46-ABAEA5EF4FB7}.Debug|Win32.ActiveCfg = Debug|Win32
{05928D03-BBCC-4C2F-8A46-ABAEA5EF4FB7}.Debug|Win32.Build.0 = Debug|Win32
{05928D03-BBCC-4C2F-8A46-ABAEA5EF4FB7}.Debug|x64.ActiveCfg = Debug|x64
{05928D03-BBCC-4C2F-8A46-ABAEA5EF4FB7}.Debug|x64.Build.0 = Debug|x64
{05928D03-BBCC-4C2F-8A46-ABAEA5EF4FB7}.Release|Win32.ActiveCfg = Release|Win32
{05928D03-BBCC-4C2F-8A46-ABAEA5EF4FB7}.Release|Win32.Build.0 = Release|Win32
{05928D03-BBCC-4C2F-8A46-ABAEA5EF4FB7}.Release|x64.ActiveCfg = Release|x64
{05928D03-BBCC-4C2F-8A46-ABAEA5EF4FB7}.Release|x64.Build.0 = Release|x64
{28F3BDB8-C4CA-49D5-80BA-8A4E7930F09E}.Debug|Win32.ActiveCfg = Debug|Win32
{28F3BDB8-C4CA-49D5-80BA-8A4E7930F09E}.Debug|Win32.Build.0 = Debug|Win32
{28F3BDB8-C4CA-49D5-80BA-8A4E7930F09E}.Debug|x64.ActiveCfg = Debug|x64
{28F3BDB8-C4CA-49D5-80BA-8A4E7930F09E}.Debug|x64.Build.0 = Debug|x64
{28F3BDB8-C4CA-49D5-80BA-8A4E7930F09E}.Release|Win32.ActiveCfg = Release|Win32
{28F3BDB8-C4CA-49D5-80BA-8A4E7930F09E}.Release|Win32.Build.0 = Release|Win32
{28F3BDB8-C4CA-49D5-80BA-8A4E7930F09E}.Release|x64.ActiveCfg = Release|x64
{28F3BDB8-C4CA-49D5-80BA-8A4E7930F09E}.Release|x64.Build.0 = Release|x64
{443C91CD-D9D9-499E-8462-95B39875AEDD}.Debug|Win32.ActiveCfg = Debug|Win32
{443C91CD-D9D9-499E-8462-95B39875AEDD}.Debug|Win32.Build.0 = Debug|Win32
{443C91CD-D9D9-499E-8462-95B39875AEDD}.Debug|x64.ActiveCfg = Debug|x64
{443C91CD-D9D9-499E-8462-95B39875AEDD}.Debug|x64.Build.0 = Debug|x64
{443C91CD-D9D9-499E-8462-95B39875AEDD}.Release|Win32.ActiveCfg = Release|Win32
{443C91CD-D9D9-499E-8462-95B39875AEDD}.Release|Win32.Build.0 = Release|Win32
{443C91CD-D9D9-499E-8462-95B39875AEDD}.Release|x64.ActiveCfg = Release|x64
{443C91CD-D9D9-499E-8462-95B39875AEDD}.Release|x64.Build.0 = Release|x64
{4408B41A-29C6-446A-AAC6-DC60E287669A}.Debug|Win32.ActiveCfg = Debug|Win32
{4408B41A-29C6-446A-AAC6-DC60E287669A}.Debug|Win32.Build.0 = Debug|Win32
{4408B41A-29C6-446A-AAC6-DC60E287669A}.Debug|x64.ActiveCfg = Debug|x64
{4408B41A-29C6-446A-AAC6-DC60E287669A}.Debug|x64.Build.0 = Debug|x64
{4408B41A-29C6-446A-AAC6-DC60E287669A}.Release|Win32.ActiveCfg = Release|Win32
{4408B41A-29C6-446A-AAC6-DC60E287669A}.Release|Win32.Build.0 = Release|Win32
{4408B41A-29C6-446A-AAC6-DC60E287669A}.Release|x64.ActiveCfg = Release|x64
{4408B41A-29C6-446A-AAC6-DC60E287669A}.Release|x64.Build.0 = Release|x64
{F972E28B-BBFC-4B62-9990-A55255F3D035}.Debug|Win32.ActiveCfg = Debug|Win32
{F972E28B-BBFC-4B62-9990-A55255F3D035}.Debug|Win32.Build.0 = Debug|Win32
{F972E28B-BBFC-4B62-9990-A55255F3D035}.Debug|x64.ActiveCfg = Debug|x64
{F972E28B-BBFC-4B62-9990-A55255F3D035}.Debug|x64.Build.0 = Debug|x64
{F972E28B-BBFC-4B62-9990-A55255F3D035}.Release|Win32.ActiveCfg = Release|Win32
{F972E28B-BBFC-4B62-9990-A55255F3D035}.Release|Win32.Build.0 = Release|Win32
{F972E28B-BBFC-4B62-9990-A55255F3D035}.Release|x64.ActiveCfg = Release|x64
{F972E28B-BBFC-4B62-9990-A55255F3D035}.Release|x64.Build.0 = Release|x64
EndGlobalSection

  GlobalSection(SolutionProperties) = preSolution
    HideSolutionNode = FALSE
  EndGlobalSection
EndGlobal
