Microsoft Visual Studio Solution File, Format Version 11.00
# Visual Studio 2010
Project("{8BC9CEB8-8B4A-11D0-8D11-00A0C91BC942}") = "libmpr", "win-i686-debug\libmpr.vcxproj", "{04EDE3B8-749C-41FC-BB7B-40DA6E454D62}"
EndProject
Project("{8BC9CEB8-8B4A-11D0-8D11-00A0C91BC942}") = "benchMpr", "win-i686-debug\benchMpr.vcxproj", "{0701154B-CBBE-44EA-8596-DADF602B3AD7}"
	ProjectSection(ProjectDependencies) = postProject
		{04EDE3B8-749C-41FC-BB7B-40DA6E454D62} = {04EDE3B8-749C-41FC-BB7B-40DA6E454D62}
	EndProjectSection
EndProject
Project("{8BC9CEB8-8B4A-11D0-8D11-00A0C91BC942}") = "runProgram", "win-i686-debug\runProgram.vcxproj", "{F9E5577C-BB83-465E-8965-8000338352B3}"
EndProject
Project("{8BC9CEB8-8B4A-11D0-8D11-00A0C91BC942}") = "testMpr", "win-i686-debug\testMpr.vcxproj", "{A49EDA96-D41A-4BA9-ADA3-2CB96E0D7CAD}"
	ProjectSection(ProjectDependencies) = postProject
		{04EDE3B8-749C-41FC-BB7B-40DA6E454D62} = {04EDE3B8-749C-41FC-BB7B-40DA6E454D62}
	EndProjectSection
	ProjectSection(ProjectDependencies) = postProject
		{F9E5577C-BB83-465E-8965-8000338352B3} = {F9E5577C-BB83-465E-8965-8000338352B3}
	EndProjectSection
EndProject
Project("{8BC9CEB8-8B4A-11D0-8D11-00A0C91BC942}") = "manager", "win-i686-debug\manager.vcxproj", "{F6DFC34C-7672-44A1-BDCF-0D115DEA3C3D}"
	ProjectSection(ProjectDependencies) = postProject
		{04EDE3B8-749C-41FC-BB7B-40DA6E454D62} = {04EDE3B8-749C-41FC-BB7B-40DA6E454D62}
	EndProjectSection
EndProject
Project("{8BC9CEB8-8B4A-11D0-8D11-00A0C91BC942}") = "makerom", "win-i686-debug\makerom.vcxproj", "{9FF1D430-C1D5-40A7-8A6B-7E60D003DEFF}"
	ProjectSection(ProjectDependencies) = postProject
		{04EDE3B8-749C-41FC-BB7B-40DA6E454D62} = {04EDE3B8-749C-41FC-BB7B-40DA6E454D62}
	EndProjectSection
EndProject
Project("{8BC9CEB8-8B4A-11D0-8D11-00A0C91BC942}") = "chargen", "win-i686-debug\chargen.vcxproj", "{74B660D9-25A2-4B4E-B5F3-8F80E4C2E957}"
	ProjectSection(ProjectDependencies) = postProject
		{04EDE3B8-749C-41FC-BB7B-40DA6E454D62} = {04EDE3B8-749C-41FC-BB7B-40DA6E454D62}
	EndProjectSection
EndProject

Global
	GlobalSection(SolutionConfigurationPlatforms) = preSolution
		Debug|Win32 = Debug|Win32
	EndGlobalSection
	GlobalSection(ProjectConfigurationPlatforms) = postSolution
{04EDE3B8-749C-41FC-BB7B-40DA6E454D62}.Debug|Win32.ActiveCfg = Debug|Win32
{04EDE3B8-749C-41FC-BB7B-40DA6E454D62}.Debug|Win32.Build.0 = Debug|Win32
{0701154B-CBBE-44EA-8596-DADF602B3AD7}.Debug|Win32.ActiveCfg = Debug|Win32
{0701154B-CBBE-44EA-8596-DADF602B3AD7}.Debug|Win32.Build.0 = Debug|Win32
{F9E5577C-BB83-465E-8965-8000338352B3}.Debug|Win32.ActiveCfg = Debug|Win32
{F9E5577C-BB83-465E-8965-8000338352B3}.Debug|Win32.Build.0 = Debug|Win32
{A49EDA96-D41A-4BA9-ADA3-2CB96E0D7CAD}.Debug|Win32.ActiveCfg = Debug|Win32
{A49EDA96-D41A-4BA9-ADA3-2CB96E0D7CAD}.Debug|Win32.Build.0 = Debug|Win32
{F6DFC34C-7672-44A1-BDCF-0D115DEA3C3D}.Debug|Win32.ActiveCfg = Debug|Win32
{F6DFC34C-7672-44A1-BDCF-0D115DEA3C3D}.Debug|Win32.Build.0 = Debug|Win32
{9FF1D430-C1D5-40A7-8A6B-7E60D003DEFF}.Debug|Win32.ActiveCfg = Debug|Win32
{9FF1D430-C1D5-40A7-8A6B-7E60D003DEFF}.Debug|Win32.Build.0 = Debug|Win32
{74B660D9-25A2-4B4E-B5F3-8F80E4C2E957}.Debug|Win32.ActiveCfg = Debug|Win32
{74B660D9-25A2-4B4E-B5F3-8F80E4C2E957}.Debug|Win32.Build.0 = Debug|Win32
EndGlobalSection

  GlobalSection(SolutionProperties) = preSolution
    HideSolutionNode = FALSE
  EndGlobalSection
EndGlobal
