Microsoft Visual Studio Solution File, Format Version 11.00
# Visual Studio 2010
Project("{8BC9CEB8-8B4A-11D0-8D11-00A0C91BC942}") = "libmpr", "win-i686-debug\libmpr.vcxproj", "{5049E9D6-8B1D-47B8-AF4C-D869FE5B0EB7}"
EndProject
Project("{8BC9CEB8-8B4A-11D0-8D11-00A0C91BC942}") = "benchMpr", "win-i686-debug\benchMpr.vcxproj", "{5622901B-EC44-4C89-82DA-4B24A3D38768}"
	ProjectSection(ProjectDependencies) = postProject
		{5049E9D6-8B1D-47B8-AF4C-D869FE5B0EB7} = {5049E9D6-8B1D-47B8-AF4C-D869FE5B0EB7}
	EndProjectSection
EndProject
Project("{8BC9CEB8-8B4A-11D0-8D11-00A0C91BC942}") = "runProgram", "win-i686-debug\runProgram.vcxproj", "{A12753AD-ECAD-4AB5-8F4E-1D5237803503}"
EndProject
Project("{8BC9CEB8-8B4A-11D0-8D11-00A0C91BC942}") = "testMpr", "win-i686-debug\testMpr.vcxproj", "{3189C420-BBAF-4160-B5D1-6E8E737F2E3E}"
	ProjectSection(ProjectDependencies) = postProject
		{5049E9D6-8B1D-47B8-AF4C-D869FE5B0EB7} = {5049E9D6-8B1D-47B8-AF4C-D869FE5B0EB7}
	EndProjectSection
	ProjectSection(ProjectDependencies) = postProject
		{A12753AD-ECAD-4AB5-8F4E-1D5237803503} = {A12753AD-ECAD-4AB5-8F4E-1D5237803503}
	EndProjectSection
EndProject
Project("{8BC9CEB8-8B4A-11D0-8D11-00A0C91BC942}") = "manager", "win-i686-debug\manager.vcxproj", "{3C891D4F-03B5-4602-A063-9EEF16669A3C}"
	ProjectSection(ProjectDependencies) = postProject
		{5049E9D6-8B1D-47B8-AF4C-D869FE5B0EB7} = {5049E9D6-8B1D-47B8-AF4C-D869FE5B0EB7}
	EndProjectSection
EndProject
Project("{8BC9CEB8-8B4A-11D0-8D11-00A0C91BC942}") = "makerom", "win-i686-debug\makerom.vcxproj", "{44850D7E-F761-4C48-BD66-C1670A9305C5}"
	ProjectSection(ProjectDependencies) = postProject
		{5049E9D6-8B1D-47B8-AF4C-D869FE5B0EB7} = {5049E9D6-8B1D-47B8-AF4C-D869FE5B0EB7}
	EndProjectSection
EndProject
Project("{8BC9CEB8-8B4A-11D0-8D11-00A0C91BC942}") = "chargen", "win-i686-debug\chargen.vcxproj", "{8BF73E70-5E54-4A08-BDF7-D366FBCB3A05}"
	ProjectSection(ProjectDependencies) = postProject
		{5049E9D6-8B1D-47B8-AF4C-D869FE5B0EB7} = {5049E9D6-8B1D-47B8-AF4C-D869FE5B0EB7}
	EndProjectSection
EndProject

Global
	GlobalSection(SolutionConfigurationPlatforms) = preSolution
		Debug|Win32 = Debug|Win32
	EndGlobalSection
	GlobalSection(ProjectConfigurationPlatforms) = postSolution
{5049E9D6-8B1D-47B8-AF4C-D869FE5B0EB7}.Debug|Win32.ActiveCfg = Debug|Win32
{5049E9D6-8B1D-47B8-AF4C-D869FE5B0EB7}.Debug|Win32.Build.0 = Debug|Win32
{5622901B-EC44-4C89-82DA-4B24A3D38768}.Debug|Win32.ActiveCfg = Debug|Win32
{5622901B-EC44-4C89-82DA-4B24A3D38768}.Debug|Win32.Build.0 = Debug|Win32
{A12753AD-ECAD-4AB5-8F4E-1D5237803503}.Debug|Win32.ActiveCfg = Debug|Win32
{A12753AD-ECAD-4AB5-8F4E-1D5237803503}.Debug|Win32.Build.0 = Debug|Win32
{3189C420-BBAF-4160-B5D1-6E8E737F2E3E}.Debug|Win32.ActiveCfg = Debug|Win32
{3189C420-BBAF-4160-B5D1-6E8E737F2E3E}.Debug|Win32.Build.0 = Debug|Win32
{3C891D4F-03B5-4602-A063-9EEF16669A3C}.Debug|Win32.ActiveCfg = Debug|Win32
{3C891D4F-03B5-4602-A063-9EEF16669A3C}.Debug|Win32.Build.0 = Debug|Win32
{44850D7E-F761-4C48-BD66-C1670A9305C5}.Debug|Win32.ActiveCfg = Debug|Win32
{44850D7E-F761-4C48-BD66-C1670A9305C5}.Debug|Win32.Build.0 = Debug|Win32
{8BF73E70-5E54-4A08-BDF7-D366FBCB3A05}.Debug|Win32.ActiveCfg = Debug|Win32
{8BF73E70-5E54-4A08-BDF7-D366FBCB3A05}.Debug|Win32.Build.0 = Debug|Win32
EndGlobalSection

  GlobalSection(SolutionProperties) = preSolution
    HideSolutionNode = FALSE
  EndGlobalSection
EndGlobal
