Microsoft Visual Studio Solution File, Format Version 11.00
# Visual Studio 2010
Project("{8BC9CEB8-8B4A-11D0-8D11-00A0C91BC942}") = "libmpr", "win-i686-debug\libmpr.vcxproj", "{B33BDF7C-B1CD-498E-97DF-9660B8BFBC93}"
EndProject
Project("{8BC9CEB8-8B4A-11D0-8D11-00A0C91BC942}") = "benchMpr", "win-i686-debug\benchMpr.vcxproj", "{C9F184FF-076A-4323-928E-F7BF5151A42F}"
	ProjectSection(ProjectDependencies) = postProject
		{B33BDF7C-B1CD-498E-97DF-9660B8BFBC93} = {B33BDF7C-B1CD-498E-97DF-9660B8BFBC93}
	EndProjectSection
EndProject
Project("{8BC9CEB8-8B4A-11D0-8D11-00A0C91BC942}") = "runProgram", "win-i686-debug\runProgram.vcxproj", "{8F03AA12-653A-4B53-94FD-02B9AC934087}"
EndProject
Project("{8BC9CEB8-8B4A-11D0-8D11-00A0C91BC942}") = "testMpr", "win-i686-debug\testMpr.vcxproj", "{E25D8A96-695F-4F5F-B9C4-F63651522F0C}"
	ProjectSection(ProjectDependencies) = postProject
		{B33BDF7C-B1CD-498E-97DF-9660B8BFBC93} = {B33BDF7C-B1CD-498E-97DF-9660B8BFBC93}
	EndProjectSection
	ProjectSection(ProjectDependencies) = postProject
		{8F03AA12-653A-4B53-94FD-02B9AC934087} = {8F03AA12-653A-4B53-94FD-02B9AC934087}
	EndProjectSection
EndProject
Project("{8BC9CEB8-8B4A-11D0-8D11-00A0C91BC942}") = "manager", "win-i686-debug\manager.vcxproj", "{13300A68-726F-4DD8-B18F-A30E25108F67}"
	ProjectSection(ProjectDependencies) = postProject
		{B33BDF7C-B1CD-498E-97DF-9660B8BFBC93} = {B33BDF7C-B1CD-498E-97DF-9660B8BFBC93}
	EndProjectSection
EndProject
Project("{8BC9CEB8-8B4A-11D0-8D11-00A0C91BC942}") = "makerom", "win-i686-debug\makerom.vcxproj", "{B9CF3DA1-AAFB-47CB-AC65-954E6B1CA5BE}"
	ProjectSection(ProjectDependencies) = postProject
		{B33BDF7C-B1CD-498E-97DF-9660B8BFBC93} = {B33BDF7C-B1CD-498E-97DF-9660B8BFBC93}
	EndProjectSection
EndProject
Project("{8BC9CEB8-8B4A-11D0-8D11-00A0C91BC942}") = "chargen", "win-i686-debug\chargen.vcxproj", "{DC9FE0BB-4D9E-4604-9F16-3716E2AAB512}"
	ProjectSection(ProjectDependencies) = postProject
		{B33BDF7C-B1CD-498E-97DF-9660B8BFBC93} = {B33BDF7C-B1CD-498E-97DF-9660B8BFBC93}
	EndProjectSection
EndProject

Global
	GlobalSection(SolutionConfigurationPlatforms) = preSolution
		Debug|Win32 = Debug|Win32
	EndGlobalSection
	GlobalSection(ProjectConfigurationPlatforms) = postSolution
{B33BDF7C-B1CD-498E-97DF-9660B8BFBC93}.Debug|Win32.ActiveCfg = Debug|Win32
{B33BDF7C-B1CD-498E-97DF-9660B8BFBC93}.Debug|Win32.Build.0 = Debug|Win32
{C9F184FF-076A-4323-928E-F7BF5151A42F}.Debug|Win32.ActiveCfg = Debug|Win32
{C9F184FF-076A-4323-928E-F7BF5151A42F}.Debug|Win32.Build.0 = Debug|Win32
{8F03AA12-653A-4B53-94FD-02B9AC934087}.Debug|Win32.ActiveCfg = Debug|Win32
{8F03AA12-653A-4B53-94FD-02B9AC934087}.Debug|Win32.Build.0 = Debug|Win32
{E25D8A96-695F-4F5F-B9C4-F63651522F0C}.Debug|Win32.ActiveCfg = Debug|Win32
{E25D8A96-695F-4F5F-B9C4-F63651522F0C}.Debug|Win32.Build.0 = Debug|Win32
{13300A68-726F-4DD8-B18F-A30E25108F67}.Debug|Win32.ActiveCfg = Debug|Win32
{13300A68-726F-4DD8-B18F-A30E25108F67}.Debug|Win32.Build.0 = Debug|Win32
{B9CF3DA1-AAFB-47CB-AC65-954E6B1CA5BE}.Debug|Win32.ActiveCfg = Debug|Win32
{B9CF3DA1-AAFB-47CB-AC65-954E6B1CA5BE}.Debug|Win32.Build.0 = Debug|Win32
{DC9FE0BB-4D9E-4604-9F16-3716E2AAB512}.Debug|Win32.ActiveCfg = Debug|Win32
{DC9FE0BB-4D9E-4604-9F16-3716E2AAB512}.Debug|Win32.Build.0 = Debug|Win32
EndGlobalSection

  GlobalSection(SolutionProperties) = preSolution
    HideSolutionNode = FALSE
  EndGlobalSection
EndGlobal
