// !$*UTF8*$!
{
	archiveVersion = 1;
	classes = {
	};
	objectVersion = 44;
	objects = {

/* Begin PBXAggregateTarget section */
		C90A1A010FD6DCEE006A9E86 /* All */ = {
			isa = PBXAggregateTarget;
			buildConfigurationList = C90A1A0E0FD6DD14006A9E86 /* Build configuration list for PBXAggregateTarget "All" */;
			buildPhases = (
			);
			dependencies = (
				C9B23297136A196B00014E75 /* PBXTargetDependency */,
				C90A1A050FD6DCF6006A9E86 /* PBXTargetDependency */,
				C90A1A090FD6DCF6006A9E86 /* PBXTargetDependency */,
				C90A1ADB0FD6E2B3006A9E86 /* PBXTargetDependency */,
				C9FA8F8F1249070000FEAFE2 /* PBXTargetDependency */,
				C9F3AB021252465600183E33 /* PBXTargetDependency */,
			);
			name = All;
			productName = All;
		};
/* End PBXAggregateTarget section */

/* Begin PBXBuildFile section */
		C90A1A3E0FD6DD4C006A9E86 /* mpr.c in Sources */ = {isa = PBXBuildFile; fileRef = C90A1A190FD6DD4C006A9E86 /* mpr.c */; };
		C90A1A420FD6DD4C006A9E86 /* mprBuf.c in Sources */ = {isa = PBXBuildFile; fileRef = C90A1A1D0FD6DD4C006A9E86 /* mprBuf.c */; };
		C90A1A430FD6DD4C006A9E86 /* mprCmd.c in Sources */ = {isa = PBXBuildFile; fileRef = C90A1A1E0FD6DD4C006A9E86 /* mprCmd.c */; };
		C90A1A440FD6DD4C006A9E86 /* mprCond.c in Sources */ = {isa = PBXBuildFile; fileRef = C90A1A1F0FD6DD4C006A9E86 /* mprCond.c */; };
		C90A1A450FD6DD4C006A9E86 /* mprCrypt.c in Sources */ = {isa = PBXBuildFile; fileRef = C90A1A200FD6DD4C006A9E86 /* mprCrypt.c */; };
		C90A1A460FD6DD4C006A9E86 /* mprDisk.c in Sources */ = {isa = PBXBuildFile; fileRef = C90A1A210FD6DD4C006A9E86 /* mprDisk.c */; };
		C90A1A470FD6DD4C006A9E86 /* mprEvent.c in Sources */ = {isa = PBXBuildFile; fileRef = C90A1A220FD6DD4C006A9E86 /* mprEvent.c */; };
		C90A1A480FD6DD4C006A9E86 /* mprFile.c in Sources */ = {isa = PBXBuildFile; fileRef = C90A1A230FD6DD4C006A9E86 /* mprFile.c */; };
		C90A1A490FD6DD4C006A9E86 /* mprFileSystem.c in Sources */ = {isa = PBXBuildFile; fileRef = C90A1A240FD6DD4C006A9E86 /* mprFileSystem.c */; };
		C90A1A4A0FD6DD4C006A9E86 /* mprHash.c in Sources */ = {isa = PBXBuildFile; fileRef = C90A1A250FD6DD4C006A9E86 /* mprHash.c */; };
		C90A1A4C0FD6DD4C006A9E86 /* mprList.c in Sources */ = {isa = PBXBuildFile; fileRef = C90A1A270FD6DD4C006A9E86 /* mprList.c */; };
		C90A1A4D0FD6DD4C006A9E86 /* mprLock.c in Sources */ = {isa = PBXBuildFile; fileRef = C90A1A280FD6DD4C006A9E86 /* mprLock.c */; };
		C90A1A4E0FD6DD4C006A9E86 /* mprLog.c in Sources */ = {isa = PBXBuildFile; fileRef = C90A1A290FD6DD4C006A9E86 /* mprLog.c */; };
		C90A1A4F0FD6DD4C006A9E86 /* mprModule.c in Sources */ = {isa = PBXBuildFile; fileRef = C90A1A2A0FD6DD4C006A9E86 /* mprModule.c */; };
		C90A1A500FD6DD4C006A9E86 /* mprPath.c in Sources */ = {isa = PBXBuildFile; fileRef = C90A1A2B0FD6DD4C006A9E86 /* mprPath.c */; };
		C90A1A530FD6DD4C006A9E86 /* mprPrintf.c in Sources */ = {isa = PBXBuildFile; fileRef = C90A1A2E0FD6DD4C006A9E86 /* mprPrintf.c */; };
		C90A1A540FD6DD4C006A9E86 /* mprRomFile.c in Sources */ = {isa = PBXBuildFile; fileRef = C90A1A2F0FD6DD4C006A9E86 /* mprRomFile.c */; };
		C90A1A560FD6DD4C006A9E86 /* mprSocket.c in Sources */ = {isa = PBXBuildFile; fileRef = C90A1A310FD6DD4C006A9E86 /* mprSocket.c */; };
		C90A1A570FD6DD4C006A9E86 /* mprString.c in Sources */ = {isa = PBXBuildFile; fileRef = C90A1A320FD6DD4C006A9E86 /* mprString.c */; };
		C90A1A580FD6DD4C006A9E86 /* mprTest.c in Sources */ = {isa = PBXBuildFile; fileRef = C90A1A330FD6DD4C006A9E86 /* mprTest.c */; };
		C90A1A590FD6DD4C006A9E86 /* mprThread.c in Sources */ = {isa = PBXBuildFile; fileRef = C90A1A340FD6DD4C006A9E86 /* mprThread.c */; };
		C90A1A5A0FD6DD4C006A9E86 /* mprTime.c in Sources */ = {isa = PBXBuildFile; fileRef = C90A1A350FD6DD4C006A9E86 /* mprTime.c */; };
		C90A1A5C0FD6DD4C006A9E86 /* mprUnix.c in Sources */ = {isa = PBXBuildFile; fileRef = C90A1A370FD6DD4C006A9E86 /* mprUnix.c */; };
		C90A1A5E0FD6DD4C006A9E86 /* mprVxworks.c in Sources */ = {isa = PBXBuildFile; fileRef = C90A1A390FD6DD4C006A9E86 /* mprVxworks.c */; };
		C90A1A5F0FD6DD4C006A9E86 /* mprWait.c in Sources */ = {isa = PBXBuildFile; fileRef = C90A1A3A0FD6DD4C006A9E86 /* mprWait.c */; };
		C90A1A600FD6DD4C006A9E86 /* mprWin.c in Sources */ = {isa = PBXBuildFile; fileRef = C90A1A3B0FD6DD4C006A9E86 /* mprWin.c */; };
		C90A1A610FD6DD4C006A9E86 /* mprWince.c in Sources */ = {isa = PBXBuildFile; fileRef = C90A1A3C0FD6DD4C006A9E86 /* mprWince.c */; };
		C90A1A620FD6DD4C006A9E86 /* mprXml.c in Sources */ = {isa = PBXBuildFile; fileRef = C90A1A3D0FD6DD4C006A9E86 /* mprXml.c */; };
		C90A1A890FD6DF4D006A9E86 /* mprMatrixssl.c in Sources */ = {isa = PBXBuildFile; fileRef = C90A1A860FD6DF4D006A9E86 /* mprMatrixssl.c */; };
		C90A1A8A0FD6DF4D006A9E86 /* mprOpenssl.c in Sources */ = {isa = PBXBuildFile; fileRef = C90A1A870FD6DF4D006A9E86 /* mprOpenssl.c */; };
		C90A1A8B0FD6DF4D006A9E86 /* mprSsl.c in Sources */ = {isa = PBXBuildFile; fileRef = C90A1A880FD6DF4D006A9E86 /* mprSsl.c */; };
		C90A1AF50FD6E319006A9E86 /* testBuf.c in Sources */ = {isa = PBXBuildFile; fileRef = C90A1AE40FD6E319006A9E86 /* testBuf.c */; };
		C90A1AF60FD6E319006A9E86 /* testCmd.c in Sources */ = {isa = PBXBuildFile; fileRef = C90A1AE50FD6E319006A9E86 /* testCmd.c */; };
		C90A1AF70FD6E319006A9E86 /* testCond.c in Sources */ = {isa = PBXBuildFile; fileRef = C90A1AE60FD6E319006A9E86 /* testCond.c */; };
		C90A1AF80FD6E319006A9E86 /* testEvent.c in Sources */ = {isa = PBXBuildFile; fileRef = C90A1AE70FD6E319006A9E86 /* testEvent.c */; };
		C90A1AF90FD6E319006A9E86 /* testFile.c in Sources */ = {isa = PBXBuildFile; fileRef = C90A1AE80FD6E319006A9E86 /* testFile.c */; };
		C90A1AFA0FD6E319006A9E86 /* testHash.c in Sources */ = {isa = PBXBuildFile; fileRef = C90A1AE90FD6E319006A9E86 /* testHash.c */; };
		C90A1AFC0FD6E319006A9E86 /* testList.c in Sources */ = {isa = PBXBuildFile; fileRef = C90A1AEB0FD6E319006A9E86 /* testList.c */; };
		C90A1AFD0FD6E319006A9E86 /* testLock.c in Sources */ = {isa = PBXBuildFile; fileRef = C90A1AEC0FD6E319006A9E86 /* testLock.c */; };
		C90A1AFE0FD6E319006A9E86 /* testMpr.c in Sources */ = {isa = PBXBuildFile; fileRef = C90A1AED0FD6E319006A9E86 /* testMpr.c */; };
		C90A1AFF0FD6E319006A9E86 /* testPath.c in Sources */ = {isa = PBXBuildFile; fileRef = C90A1AEE0FD6E319006A9E86 /* testPath.c */; };
		C90A1B010FD6E319006A9E86 /* testSocket.c in Sources */ = {isa = PBXBuildFile; fileRef = C90A1AF00FD6E319006A9E86 /* testSocket.c */; };
		C90A1B020FD6E319006A9E86 /* testSprintf.c in Sources */ = {isa = PBXBuildFile; fileRef = C90A1AF10FD6E319006A9E86 /* testSprintf.c */; };
		C90A1B030FD6E319006A9E86 /* testTime.c in Sources */ = {isa = PBXBuildFile; fileRef = C90A1AF20FD6E319006A9E86 /* testTime.c */; };
		C90A1B040FD6E319006A9E86 /* testUnicode.c in Sources */ = {isa = PBXBuildFile; fileRef = C90A1AF30FD6E319006A9E86 /* testUnicode.c */; };
		C92D5BBB130DE5C40097EBA8 /* mprMime.c in Sources */ = {isa = PBXBuildFile; fileRef = C92D5BBA130DE5C40097EBA8 /* mprMime.c */; };
		C941899512ADC7FE00AD31B5 /* mprMem.c in Sources */ = {isa = PBXBuildFile; fileRef = C941899212ADC7FE00AD31B5 /* mprMem.c */; };
		C941899612ADC7FE00AD31B5 /* mprMixed.c in Sources */ = {isa = PBXBuildFile; fileRef = C941899312ADC7FE00AD31B5 /* mprMixed.c */; };
		C941899712ADC7FE00AD31B5 /* mprWide.c in Sources */ = {isa = PBXBuildFile; fileRef = C941899412ADC7FE00AD31B5 /* mprWide.c */; };
		C9418A1C12ADCD8100AD31B5 /* libmpr.dylib in Frameworks */ = {isa = PBXBuildFile; fileRef = C90A19EE0FD6DCAD006A9E86 /* libmpr.dylib */; };
		C988254812C820FA0029051B /* mprAtomic.c in Sources */ = {isa = PBXBuildFile; fileRef = C988254712C820FA0029051B /* mprAtomic.c */; };
		C9B21F651011D0DD001053BB /* testThread.c in Sources */ = {isa = PBXBuildFile; fileRef = C9B21F641011D0DD001053BB /* testThread.c */; };
		C9B23295136A193100014E75 /* angel.c in Sources */ = {isa = PBXBuildFile; fileRef = C9B23294136A193100014E75 /* angel.c */; };
		C9B23298136A198700014E75 /* libmpr.dylib in Frameworks */ = {isa = PBXBuildFile; fileRef = C90A19EE0FD6DCAD006A9E86 /* libmpr.dylib */; };
		C9CD7935131441D5007794B0 /* testArgv.c in Sources */ = {isa = PBXBuildFile; fileRef = C9CD7934131441D5007794B0 /* testArgv.c */; };
		C9DC693B131C2DEB00E18F46 /* mprSignal.c in Sources */ = {isa = PBXBuildFile; fileRef = C9DC693A131C2DEB00E18F46 /* mprSignal.c */; };
		C9E1001B10D833E40085D594 /* mprAsync.c in Sources */ = {isa = PBXBuildFile; fileRef = C9E1001610D833E30085D594 /* mprAsync.c */; };
		C9E1001C10D833E40085D594 /* mprDispatcher.c in Sources */ = {isa = PBXBuildFile; fileRef = C9E1001710D833E40085D594 /* mprDispatcher.c */; };
		C9E1001D10D833E40085D594 /* mprKqueue.c in Sources */ = {isa = PBXBuildFile; fileRef = C9E1001810D833E40085D594 /* mprKqueue.c */; };
		C9E1001E10D833E40085D594 /* mprPoll.c in Sources */ = {isa = PBXBuildFile; fileRef = C9E1001910D833E40085D594 /* mprPoll.c */; };
		C9E1001F10D833E40085D594 /* mprSelect.c in Sources */ = {isa = PBXBuildFile; fileRef = C9E1001A10D833E40085D594 /* mprSelect.c */; };
		C9EAE707110A61C10062863F /* mprEncode.c in Sources */ = {isa = PBXBuildFile; fileRef = C9EAE705110A61C10062863F /* mprEncode.c */; };
		C9EAE708110A61C10062863F /* mprEpoll.c in Sources */ = {isa = PBXBuildFile; fileRef = C9EAE706110A61C10062863F /* mprEpoll.c */; };
		C9EAE70A110A61D00062863F /* dtoa.c in Sources */ = {isa = PBXBuildFile; fileRef = C9EAE709110A61D00062863F /* dtoa.c */; };
		C9EC264A12B18D220087E7D9 /* testMem.c in Sources */ = {isa = PBXBuildFile; fileRef = C9EC264812B18D220087E7D9 /* testMem.c */; };
		C9F3AAA61252447B00183E33 /* libmpr.dylib in Frameworks */ = {isa = PBXBuildFile; fileRef = C90A19EE0FD6DCAD006A9E86 /* libmpr.dylib */; };
		C9F3AAAA1252449F00183E33 /* libmprssl.dylib in Frameworks */ = {isa = PBXBuildFile; fileRef = C90A19FE0FD6DCD8006A9E86 /* libmprssl.dylib */; };
		C9F3AAAB125244AB00183E33 /* libmpr.dylib in Frameworks */ = {isa = PBXBuildFile; fileRef = C90A19EE0FD6DCAD006A9E86 /* libmpr.dylib */; };
		C9F3AAAC125244AB00183E33 /* libmprssl.dylib in Frameworks */ = {isa = PBXBuildFile; fileRef = C90A19FE0FD6DCD8006A9E86 /* libmprssl.dylib */; };
		C9F3AAFD1252464800183E33 /* runProgram.c in Sources */ = {isa = PBXBuildFile; fileRef = C9F3AAFC1252464800183E33 /* runProgram.c */; };
		C9FA8F8B124906F000FEAFE2 /* benchMpr.c in Sources */ = {isa = PBXBuildFile; fileRef = C9FA8F8A124906F000FEAFE2 /* benchMpr.c */; };
/* End PBXBuildFile section */

/* Begin PBXContainerItemProxy section */
		C90A1A040FD6DCF6006A9E86 /* PBXContainerItemProxy */ = {
			isa = PBXContainerItemProxy;
			containerPortal = C90A19DC0FD6DC5E006A9E86 /* Project object */;
			proxyType = 1;
			remoteGlobalIDString = C90A19ED0FD6DCAD006A9E86;
			remoteInfo = libmpr;
		};
		C90A1A080FD6DCF6006A9E86 /* PBXContainerItemProxy */ = {
			isa = PBXContainerItemProxy;
			containerPortal = C90A19DC0FD6DC5E006A9E86 /* Project object */;
			proxyType = 1;
			remoteGlobalIDString = C90A19FD0FD6DCD8006A9E86;
			remoteInfo = libmprssl;
		};
		C90A1ADA0FD6E2B3006A9E86 /* PBXContainerItemProxy */ = {
			isa = PBXContainerItemProxy;
			containerPortal = C90A19DC0FD6DC5E006A9E86 /* Project object */;
			proxyType = 1;
			remoteGlobalIDString = C90A1ACD0FD6E2A4006A9E86;
			remoteInfo = testMpr;
		};
		C9B23292136A190400014E75 /* PBXContainerItemProxy */ = {
			isa = PBXContainerItemProxy;
			containerPortal = C90A19DC0FD6DC5E006A9E86 /* Project object */;
			proxyType = 1;
			remoteGlobalIDString = C90A19ED0FD6DCAD006A9E86;
			remoteInfo = libmpr;
		};
		C9B23296136A196B00014E75 /* PBXContainerItemProxy */ = {
			isa = PBXContainerItemProxy;
			containerPortal = C90A19DC0FD6DC5E006A9E86 /* Project object */;
			proxyType = 1;
			remoteGlobalIDString = C9B23287136A18F800014E75;
			remoteInfo = angel;
		};
		C9F3AB011252465600183E33 /* PBXContainerItemProxy */ = {
			isa = PBXContainerItemProxy;
			containerPortal = C90A19DC0FD6DC5E006A9E86 /* Project object */;
			proxyType = 1;
			remoteGlobalIDString = C9F3AAF51252462100183E33;
			remoteInfo = runProgram;
		};
		C9FA8F8E1249070000FEAFE2 /* PBXContainerItemProxy */ = {
			isa = PBXContainerItemProxy;
			containerPortal = C90A19DC0FD6DC5E006A9E86 /* Project object */;
			proxyType = 1;
			remoteGlobalIDString = C9FA8F821249069800FEAFE2;
			remoteInfo = benchMpr;
		};
/* End PBXContainerItemProxy section */

/* Begin PBXCopyFilesBuildPhase section */
		C9B23286136A18F800014E75 /* CopyFiles */ = {
			isa = PBXCopyFilesBuildPhase;
			buildActionMask = 2147483647;
			dstPath = /usr/share/man/man1/;
			dstSubfolderSpec = 0;
			files = (
			);
			runOnlyForDeploymentPostprocessing = 1;
		};
/* End PBXCopyFilesBuildPhase section */

/* Begin PBXFileReference section */
		C90A19EE0FD6DCAD006A9E86 /* libmpr.dylib */ = {isa = PBXFileReference; explicitFileType = "compiled.mach-o.dylib"; includeInIndex = 0; path = libmpr.dylib; sourceTree = BUILT_PRODUCTS_DIR; };
		C90A19FE0FD6DCD8006A9E86 /* libmprssl.dylib */ = {isa = PBXFileReference; explicitFileType = "compiled.mach-o.dylib"; includeInIndex = 0; path = libmprssl.dylib; sourceTree = BUILT_PRODUCTS_DIR; };
		C90A1A0F0FD6DD2D006A9E86 /* mpr.h */ = {isa = PBXFileReference; fileEncoding = 4; lastKnownFileType = sourcecode.c.h; name = mpr.h; path = ../../../src/include/mpr.h; sourceTree = SOURCE_ROOT; };
		C90A1A100FD6DD2D006A9E86 /* mprOs.h */ = {isa = PBXFileReference; fileEncoding = 4; lastKnownFileType = sourcecode.c.h; name = mprOs.h; path = ../../../src/include/mprOs.h; sourceTree = SOURCE_ROOT; };
		C90A1A110FD6DD2D006A9E86 /* mprSsl.h */ = {isa = PBXFileReference; fileEncoding = 4; lastKnownFileType = sourcecode.c.h; name = mprSsl.h; path = ../../../src/include/mprSsl.h; sourceTree = SOURCE_ROOT; };
		C90A1A120FD6DD2D006A9E86 /* mprTest.h */ = {isa = PBXFileReference; fileEncoding = 4; lastKnownFileType = sourcecode.c.h; name = mprTest.h; path = ../../../src/include/mprTest.h; sourceTree = SOURCE_ROOT; };
		C90A1A130FD6DD2D006A9E86 /* mprTune.h */ = {isa = PBXFileReference; fileEncoding = 4; lastKnownFileType = sourcecode.c.h; name = mprTune.h; path = ../../../src/include/mprTune.h; sourceTree = SOURCE_ROOT; };
		C90A1A190FD6DD4C006A9E86 /* mpr.c */ = {isa = PBXFileReference; fileEncoding = 4; lastKnownFileType = sourcecode.c.c; name = mpr.c; path = ../../../src/mpr.c; sourceTree = SOURCE_ROOT; };
		C90A1A1D0FD6DD4C006A9E86 /* mprBuf.c */ = {isa = PBXFileReference; fileEncoding = 4; lastKnownFileType = sourcecode.c.c; name = mprBuf.c; path = ../../../src/mprBuf.c; sourceTree = SOURCE_ROOT; };
		C90A1A1E0FD6DD4C006A9E86 /* mprCmd.c */ = {isa = PBXFileReference; fileEncoding = 4; lastKnownFileType = sourcecode.c.c; name = mprCmd.c; path = ../../../src/mprCmd.c; sourceTree = SOURCE_ROOT; };
		C90A1A1F0FD6DD4C006A9E86 /* mprCond.c */ = {isa = PBXFileReference; fileEncoding = 4; lastKnownFileType = sourcecode.c.c; name = mprCond.c; path = ../../../src/mprCond.c; sourceTree = SOURCE_ROOT; };
		C90A1A200FD6DD4C006A9E86 /* mprCrypt.c */ = {isa = PBXFileReference; fileEncoding = 4; lastKnownFileType = sourcecode.c.c; name = mprCrypt.c; path = ../../../src/mprCrypt.c; sourceTree = SOURCE_ROOT; };
		C90A1A210FD6DD4C006A9E86 /* mprDisk.c */ = {isa = PBXFileReference; fileEncoding = 4; lastKnownFileType = sourcecode.c.c; name = mprDisk.c; path = ../../../src/mprDisk.c; sourceTree = SOURCE_ROOT; };
		C90A1A220FD6DD4C006A9E86 /* mprEvent.c */ = {isa = PBXFileReference; fileEncoding = 4; lastKnownFileType = sourcecode.c.c; name = mprEvent.c; path = ../../../src/mprEvent.c; sourceTree = SOURCE_ROOT; };
		C90A1A230FD6DD4C006A9E86 /* mprFile.c */ = {isa = PBXFileReference; fileEncoding = 4; lastKnownFileType = sourcecode.c.c; name = mprFile.c; path = ../../../src/mprFile.c; sourceTree = SOURCE_ROOT; };
		C90A1A240FD6DD4C006A9E86 /* mprFileSystem.c */ = {isa = PBXFileReference; fileEncoding = 4; lastKnownFileType = sourcecode.c.c; name = mprFileSystem.c; path = ../../../src/mprFileSystem.c; sourceTree = SOURCE_ROOT; };
		C90A1A250FD6DD4C006A9E86 /* mprHash.c */ = {isa = PBXFileReference; fileEncoding = 4; lastKnownFileType = sourcecode.c.c; name = mprHash.c; path = ../../../src/mprHash.c; sourceTree = SOURCE_ROOT; };
		C90A1A270FD6DD4C006A9E86 /* mprList.c */ = {isa = PBXFileReference; fileEncoding = 4; lastKnownFileType = sourcecode.c.c; name = mprList.c; path = ../../../src/mprList.c; sourceTree = SOURCE_ROOT; };
		C90A1A280FD6DD4C006A9E86 /* mprLock.c */ = {isa = PBXFileReference; fileEncoding = 4; lastKnownFileType = sourcecode.c.c; name = mprLock.c; path = ../../../src/mprLock.c; sourceTree = SOURCE_ROOT; };
		C90A1A290FD6DD4C006A9E86 /* mprLog.c */ = {isa = PBXFileReference; fileEncoding = 4; lastKnownFileType = sourcecode.c.c; name = mprLog.c; path = ../../../src/mprLog.c; sourceTree = SOURCE_ROOT; };
		C90A1A2A0FD6DD4C006A9E86 /* mprModule.c */ = {isa = PBXFileReference; fileEncoding = 4; lastKnownFileType = sourcecode.c.c; name = mprModule.c; path = ../../../src/mprModule.c; sourceTree = SOURCE_ROOT; };
		C90A1A2B0FD6DD4C006A9E86 /* mprPath.c */ = {isa = PBXFileReference; fileEncoding = 4; lastKnownFileType = sourcecode.c.c; name = mprPath.c; path = ../../../src/mprPath.c; sourceTree = SOURCE_ROOT; };
		C90A1A2E0FD6DD4C006A9E86 /* mprPrintf.c */ = {isa = PBXFileReference; fileEncoding = 4; lastKnownFileType = sourcecode.c.c; name = mprPrintf.c; path = ../../../src/mprPrintf.c; sourceTree = SOURCE_ROOT; };
		C90A1A2F0FD6DD4C006A9E86 /* mprRomFile.c */ = {isa = PBXFileReference; fileEncoding = 4; lastKnownFileType = sourcecode.c.c; name = mprRomFile.c; path = ../../../src/mprRomFile.c; sourceTree = SOURCE_ROOT; };
		C90A1A310FD6DD4C006A9E86 /* mprSocket.c */ = {isa = PBXFileReference; fileEncoding = 4; lastKnownFileType = sourcecode.c.c; name = mprSocket.c; path = ../../../src/mprSocket.c; sourceTree = SOURCE_ROOT; };
		C90A1A320FD6DD4C006A9E86 /* mprString.c */ = {isa = PBXFileReference; fileEncoding = 4; lastKnownFileType = sourcecode.c.c; name = mprString.c; path = ../../../src/mprString.c; sourceTree = SOURCE_ROOT; };
		C90A1A330FD6DD4C006A9E86 /* mprTest.c */ = {isa = PBXFileReference; fileEncoding = 4; lastKnownFileType = sourcecode.c.c; name = mprTest.c; path = ../../../src/mprTest.c; sourceTree = SOURCE_ROOT; };
		C90A1A340FD6DD4C006A9E86 /* mprThread.c */ = {isa = PBXFileReference; fileEncoding = 4; lastKnownFileType = sourcecode.c.c; name = mprThread.c; path = ../../../src/mprThread.c; sourceTree = SOURCE_ROOT; };
		C90A1A350FD6DD4C006A9E86 /* mprTime.c */ = {isa = PBXFileReference; fileEncoding = 4; lastKnownFileType = sourcecode.c.c; name = mprTime.c; path = ../../../src/mprTime.c; sourceTree = SOURCE_ROOT; };
		C90A1A370FD6DD4C006A9E86 /* mprUnix.c */ = {isa = PBXFileReference; fileEncoding = 4; lastKnownFileType = sourcecode.c.c; name = mprUnix.c; path = ../../../src/mprUnix.c; sourceTree = SOURCE_ROOT; };
		C90A1A390FD6DD4C006A9E86 /* mprVxworks.c */ = {isa = PBXFileReference; fileEncoding = 4; lastKnownFileType = sourcecode.c.c; name = mprVxworks.c; path = ../../../src/mprVxworks.c; sourceTree = SOURCE_ROOT; };
		C90A1A3A0FD6DD4C006A9E86 /* mprWait.c */ = {isa = PBXFileReference; fileEncoding = 4; lastKnownFileType = sourcecode.c.c; name = mprWait.c; path = ../../../src/mprWait.c; sourceTree = SOURCE_ROOT; };
		C90A1A3B0FD6DD4C006A9E86 /* mprWin.c */ = {isa = PBXFileReference; fileEncoding = 4; lastKnownFileType = sourcecode.c.c; name = mprWin.c; path = ../../../src/mprWin.c; sourceTree = SOURCE_ROOT; };
		C90A1A3C0FD6DD4C006A9E86 /* mprWince.c */ = {isa = PBXFileReference; fileEncoding = 4; lastKnownFileType = sourcecode.c.c; name = mprWince.c; path = ../../../src/mprWince.c; sourceTree = SOURCE_ROOT; };
		C90A1A3D0FD6DD4C006A9E86 /* mprXml.c */ = {isa = PBXFileReference; fileEncoding = 4; lastKnownFileType = sourcecode.c.c; name = mprXml.c; path = ../../../src/mprXml.c; sourceTree = SOURCE_ROOT; };
		C90A1A860FD6DF4D006A9E86 /* mprMatrixssl.c */ = {isa = PBXFileReference; fileEncoding = 4; lastKnownFileType = sourcecode.c.c; name = mprMatrixssl.c; path = ../../../src/ssl/mprMatrixssl.c; sourceTree = SOURCE_ROOT; };
		C90A1A870FD6DF4D006A9E86 /* mprOpenssl.c */ = {isa = PBXFileReference; fileEncoding = 4; lastKnownFileType = sourcecode.c.c; name = mprOpenssl.c; path = ../../../src/ssl/mprOpenssl.c; sourceTree = SOURCE_ROOT; };
		C90A1A880FD6DF4D006A9E86 /* mprSsl.c */ = {isa = PBXFileReference; fileEncoding = 4; lastKnownFileType = sourcecode.c.c; name = mprSsl.c; path = ../../../src/ssl/mprSsl.c; sourceTree = SOURCE_ROOT; };
		C90A1ACE0FD6E2A4006A9E86 /* testMpr */ = {isa = PBXFileReference; explicitFileType = "compiled.mach-o.executable"; includeInIndex = 0; path = testMpr; sourceTree = BUILT_PRODUCTS_DIR; };
		C90A1ADF0FD6E2EF006A9E86 /* charGen.c */ = {isa = PBXFileReference; fileEncoding = 4; lastKnownFileType = sourcecode.c.c; name = charGen.c; path = ../../../src/utils/charGen.c; sourceTree = SOURCE_ROOT; };
		C90A1AE10FD6E2EF006A9E86 /* makerom.c */ = {isa = PBXFileReference; fileEncoding = 4; lastKnownFileType = sourcecode.c.c; name = makerom.c; path = ../../../src/utils/makerom.c; sourceTree = SOURCE_ROOT; };
		C90A1AE40FD6E319006A9E86 /* testBuf.c */ = {isa = PBXFileReference; fileEncoding = 4; lastKnownFileType = sourcecode.c.c; name = testBuf.c; path = ../../../src/test/testBuf.c; sourceTree = SOURCE_ROOT; };
		C90A1AE50FD6E319006A9E86 /* testCmd.c */ = {isa = PBXFileReference; fileEncoding = 4; lastKnownFileType = sourcecode.c.c; name = testCmd.c; path = ../../../src/test/testCmd.c; sourceTree = SOURCE_ROOT; };
		C90A1AE60FD6E319006A9E86 /* testCond.c */ = {isa = PBXFileReference; fileEncoding = 4; lastKnownFileType = sourcecode.c.c; name = testCond.c; path = ../../../src/test/testCond.c; sourceTree = SOURCE_ROOT; };
		C90A1AE70FD6E319006A9E86 /* testEvent.c */ = {isa = PBXFileReference; fileEncoding = 4; lastKnownFileType = sourcecode.c.c; name = testEvent.c; path = ../../../src/test/testEvent.c; sourceTree = SOURCE_ROOT; };
		C90A1AE80FD6E319006A9E86 /* testFile.c */ = {isa = PBXFileReference; fileEncoding = 4; lastKnownFileType = sourcecode.c.c; name = testFile.c; path = ../../../src/test/testFile.c; sourceTree = SOURCE_ROOT; };
		C90A1AE90FD6E319006A9E86 /* testHash.c */ = {isa = PBXFileReference; fileEncoding = 4; lastKnownFileType = sourcecode.c.c; name = testHash.c; path = ../../../src/test/testHash.c; sourceTree = SOURCE_ROOT; };
		C90A1AEB0FD6E319006A9E86 /* testList.c */ = {isa = PBXFileReference; fileEncoding = 4; lastKnownFileType = sourcecode.c.c; name = testList.c; path = ../../../src/test/testList.c; sourceTree = SOURCE_ROOT; };
		C90A1AEC0FD6E319006A9E86 /* testLock.c */ = {isa = PBXFileReference; fileEncoding = 4; lastKnownFileType = sourcecode.c.c; name = testLock.c; path = ../../../src/test/testLock.c; sourceTree = SOURCE_ROOT; };
		C90A1AED0FD6E319006A9E86 /* testMpr.c */ = {isa = PBXFileReference; fileEncoding = 4; lastKnownFileType = sourcecode.c.c; name = testMpr.c; path = ../../../src/test/testMpr.c; sourceTree = SOURCE_ROOT; };
		C90A1AEE0FD6E319006A9E86 /* testPath.c */ = {isa = PBXFileReference; fileEncoding = 4; lastKnownFileType = sourcecode.c.c; name = testPath.c; path = ../../../src/test/testPath.c; sourceTree = SOURCE_ROOT; };
		C90A1AF00FD6E319006A9E86 /* testSocket.c */ = {isa = PBXFileReference; fileEncoding = 4; lastKnownFileType = sourcecode.c.c; name = testSocket.c; path = ../../../src/test/testSocket.c; sourceTree = SOURCE_ROOT; };
		C90A1AF10FD6E319006A9E86 /* testSprintf.c */ = {isa = PBXFileReference; fileEncoding = 4; lastKnownFileType = sourcecode.c.c; name = testSprintf.c; path = ../../../src/test/testSprintf.c; sourceTree = SOURCE_ROOT; };
		C90A1AF20FD6E319006A9E86 /* testTime.c */ = {isa = PBXFileReference; fileEncoding = 4; lastKnownFileType = sourcecode.c.c; name = testTime.c; path = ../../../src/test/testTime.c; sourceTree = SOURCE_ROOT; };
		C90A1AF30FD6E319006A9E86 /* testUnicode.c */ = {isa = PBXFileReference; fileEncoding = 4; lastKnownFileType = sourcecode.c.c; name = testUnicode.c; path = ../../../src/test/testUnicode.c; sourceTree = SOURCE_ROOT; };
		C92D5BBA130DE5C40097EBA8 /* mprMime.c */ = {isa = PBXFileReference; fileEncoding = 4; lastKnownFileType = sourcecode.c.c; name = mprMime.c; path = ../../../src/mprMime.c; sourceTree = SOURCE_ROOT; };
		C941899212ADC7FE00AD31B5 /* mprMem.c */ = {isa = PBXFileReference; fileEncoding = 4; lastKnownFileType = sourcecode.c.c; name = mprMem.c; path = ../../../src/mprMem.c; sourceTree = SOURCE_ROOT; };
		C941899312ADC7FE00AD31B5 /* mprMixed.c */ = {isa = PBXFileReference; fileEncoding = 4; lastKnownFileType = sourcecode.c.c; name = mprMixed.c; path = ../../../src/mprMixed.c; sourceTree = SOURCE_ROOT; };
		C941899412ADC7FE00AD31B5 /* mprWide.c */ = {isa = PBXFileReference; fileEncoding = 4; lastKnownFileType = sourcecode.c.c; name = mprWide.c; path = ../../../src/mprWide.c; sourceTree = SOURCE_ROOT; };
		C988254712C820FA0029051B /* mprAtomic.c */ = {isa = PBXFileReference; fileEncoding = 4; lastKnownFileType = sourcecode.c.c; name = mprAtomic.c; path = ../../../src/mprAtomic.c; sourceTree = SOURCE_ROOT; };
		C9B21F641011D0DD001053BB /* testThread.c */ = {isa = PBXFileReference; fileEncoding = 4; lastKnownFileType = sourcecode.c.c; name = testThread.c; path = ../../../src/test/testThread.c; sourceTree = SOURCE_ROOT; };
		C9B23288136A18F800014E75 /* angel */ = {isa = PBXFileReference; explicitFileType = "compiled.mach-o.executable"; includeInIndex = 0; path = angel; sourceTree = BUILT_PRODUCTS_DIR; };
		C9B2328B136A18F800014E75 /* main.c */ = {isa = PBXFileReference; lastKnownFileType = sourcecode.c.c; path = main.c; sourceTree = "<group>"; };
		C9B2328D136A18F800014E75 /* angel.1 */ = {isa = PBXFileReference; lastKnownFileType = text.man; path = angel.1; sourceTree = "<group>"; };
		C9B23294136A193100014E75 /* angel.c */ = {isa = PBXFileReference; fileEncoding = 4; lastKnownFileType = sourcecode.c.c; name = angel.c; path = ../../../src/angel.c; sourceTree = "<group>"; };
		C9CD7934131441D5007794B0 /* testArgv.c */ = {isa = PBXFileReference; fileEncoding = 4; lastKnownFileType = sourcecode.c.c; name = testArgv.c; path = ../../../src/test/testArgv.c; sourceTree = SOURCE_ROOT; };
		C9DC693A131C2DEB00E18F46 /* mprSignal.c */ = {isa = PBXFileReference; fileEncoding = 4; lastKnownFileType = sourcecode.c.c; name = mprSignal.c; path = ../../../src/mprSignal.c; sourceTree = SOURCE_ROOT; };
		C9E1001610D833E30085D594 /* mprAsync.c */ = {isa = PBXFileReference; fileEncoding = 4; lastKnownFileType = sourcecode.c.c; name = mprAsync.c; path = ../../../src/mprAsync.c; sourceTree = SOURCE_ROOT; };
		C9E1001710D833E40085D594 /* mprDispatcher.c */ = {isa = PBXFileReference; fileEncoding = 4; lastKnownFileType = sourcecode.c.c; name = mprDispatcher.c; path = ../../../src/mprDispatcher.c; sourceTree = SOURCE_ROOT; };
		C9E1001810D833E40085D594 /* mprKqueue.c */ = {isa = PBXFileReference; fileEncoding = 4; lastKnownFileType = sourcecode.c.c; name = mprKqueue.c; path = ../../../src/mprKqueue.c; sourceTree = SOURCE_ROOT; };
		C9E1001910D833E40085D594 /* mprPoll.c */ = {isa = PBXFileReference; fileEncoding = 4; lastKnownFileType = sourcecode.c.c; name = mprPoll.c; path = ../../../src/mprPoll.c; sourceTree = SOURCE_ROOT; };
		C9E1001A10D833E40085D594 /* mprSelect.c */ = {isa = PBXFileReference; fileEncoding = 4; lastKnownFileType = sourcecode.c.c; name = mprSelect.c; path = ../../../src/mprSelect.c; sourceTree = SOURCE_ROOT; };
		C9EAE705110A61C10062863F /* mprEncode.c */ = {isa = PBXFileReference; fileEncoding = 4; lastKnownFileType = sourcecode.c.c; name = mprEncode.c; path = ../../../src/mprEncode.c; sourceTree = SOURCE_ROOT; };
		C9EAE706110A61C10062863F /* mprEpoll.c */ = {isa = PBXFileReference; fileEncoding = 4; lastKnownFileType = sourcecode.c.c; name = mprEpoll.c; path = ../../../src/mprEpoll.c; sourceTree = SOURCE_ROOT; };
		C9EAE709110A61D00062863F /* dtoa.c */ = {isa = PBXFileReference; fileEncoding = 4; lastKnownFileType = sourcecode.c.c; name = dtoa.c; path = ../../../src/deps/dtoa.c; sourceTree = SOURCE_ROOT; };
		C9EC264812B18D220087E7D9 /* testMem.c */ = {isa = PBXFileReference; fileEncoding = 4; lastKnownFileType = sourcecode.c.c; name = testMem.c; path = ../../../src/test/testMem.c; sourceTree = SOURCE_ROOT; };
		C9F3AAF61252462100183E33 /* runProgram */ = {isa = PBXFileReference; explicitFileType = "compiled.mach-o.executable"; includeInIndex = 0; path = runProgram; sourceTree = BUILT_PRODUCTS_DIR; };
		C9F3AAFC1252464800183E33 /* runProgram.c */ = {isa = PBXFileReference; fileEncoding = 4; lastKnownFileType = sourcecode.c.c; name = runProgram.c; path = /Users/mob/git/mpr/src/test/runProgram.c; sourceTree = "<absolute>"; };
		C9FA8F831249069800FEAFE2 /* benchMpr */ = {isa = PBXFileReference; explicitFileType = "compiled.mach-o.executable"; includeInIndex = 0; path = benchMpr; sourceTree = BUILT_PRODUCTS_DIR; };
		C9FA8F8A124906F000FEAFE2 /* benchMpr.c */ = {isa = PBXFileReference; fileEncoding = 4; lastKnownFileType = sourcecode.c.c; name = benchMpr.c; path = ../../../src/test/benchMpr.c; sourceTree = SOURCE_ROOT; };
/* End PBXFileReference section */

/* Begin PBXFrameworksBuildPhase section */
		C90A19EC0FD6DCAD006A9E86 /* Frameworks */ = {
			isa = PBXFrameworksBuildPhase;
			buildActionMask = 2147483647;
			files = (
			);
			runOnlyForDeploymentPostprocessing = 0;
		};
		C90A19FC0FD6DCD8006A9E86 /* Frameworks */ = {
			isa = PBXFrameworksBuildPhase;
			buildActionMask = 2147483647;
			files = (
				C9F3AAA61252447B00183E33 /* libmpr.dylib in Frameworks */,
			);
			runOnlyForDeploymentPostprocessing = 0;
		};
		C90A1ACC0FD6E2A4006A9E86 /* Frameworks */ = {
			isa = PBXFrameworksBuildPhase;
			buildActionMask = 2147483647;
			files = (
				C9418A1C12ADCD8100AD31B5 /* libmpr.dylib in Frameworks */,
				C9F3AAAA1252449F00183E33 /* libmprssl.dylib in Frameworks */,
			);
			runOnlyForDeploymentPostprocessing = 0;
		};
		C9B23285136A18F800014E75 /* Frameworks */ = {
			isa = PBXFrameworksBuildPhase;
			buildActionMask = 2147483647;
			files = (
				C9B23298136A198700014E75 /* libmpr.dylib in Frameworks */,
			);
			runOnlyForDeploymentPostprocessing = 0;
		};
		C9F3AAF41252462100183E33 /* Frameworks */ = {
			isa = PBXFrameworksBuildPhase;
			buildActionMask = 2147483647;
			files = (
			);
			runOnlyForDeploymentPostprocessing = 0;
		};
		C9FA8F811249069800FEAFE2 /* Frameworks */ = {
			isa = PBXFrameworksBuildPhase;
			buildActionMask = 2147483647;
			files = (
				C9F3AAAB125244AB00183E33 /* libmpr.dylib in Frameworks */,
				C9F3AAAC125244AB00183E33 /* libmprssl.dylib in Frameworks */,
			);
			runOnlyForDeploymentPostprocessing = 0;
		};
/* End PBXFrameworksBuildPhase section */

/* Begin PBXGroup section */
		C90A19DA0FD6DC5E006A9E86 = {
			isa = PBXGroup;
			children = (
				C90A19EE0FD6DCAD006A9E86 /* libmpr.dylib */,
				C9F8E4B1102B647A00492AB2 /* Libraries */,
				C90A19E50FD6DC67006A9E86 /* Headers */,
				C90A19E60FD6DC6C006A9E86 /* Source */,
				C9B2328A136A18F800014E75 /* angel */,
				C90A19EF0FD6DCAD006A9E86 /* Products */,
			);
			sourceTree = "<group>";
		};
		C90A19E50FD6DC67006A9E86 /* Headers */ = {
			isa = PBXGroup;
			children = (
				C90A1A0F0FD6DD2D006A9E86 /* mpr.h */,
				C90A1A100FD6DD2D006A9E86 /* mprOs.h */,
				C90A1A110FD6DD2D006A9E86 /* mprSsl.h */,
				C90A1A120FD6DD2D006A9E86 /* mprTest.h */,
				C90A1A130FD6DD2D006A9E86 /* mprTune.h */,
			);
			name = Headers;
			sourceTree = "<group>";
		};
		C90A19E60FD6DC6C006A9E86 /* Source */ = {
			isa = PBXGroup;
			children = (
				C9B23294136A193100014E75 /* angel.c */,
				C9EAE709110A61D00062863F /* dtoa.c */,
				C90A1A190FD6DD4C006A9E86 /* mpr.c */,
				C988254712C820FA0029051B /* mprAtomic.c */,
				C9E1001610D833E30085D594 /* mprAsync.c */,
				C90A1A1D0FD6DD4C006A9E86 /* mprBuf.c */,
				C90A1A1E0FD6DD4C006A9E86 /* mprCmd.c */,
				C90A1A1F0FD6DD4C006A9E86 /* mprCond.c */,
				C90A1A200FD6DD4C006A9E86 /* mprCrypt.c */,
				C90A1A210FD6DD4C006A9E86 /* mprDisk.c */,
				C9E1001710D833E40085D594 /* mprDispatcher.c */,
				C9EAE705110A61C10062863F /* mprEncode.c */,
				C9EAE706110A61C10062863F /* mprEpoll.c */,
				C90A1A220FD6DD4C006A9E86 /* mprEvent.c */,
				C90A1A230FD6DD4C006A9E86 /* mprFile.c */,
				C90A1A240FD6DD4C006A9E86 /* mprFileSystem.c */,
				C90A1A250FD6DD4C006A9E86 /* mprHash.c */,
				C9E1001810D833E40085D594 /* mprKqueue.c */,
				C90A1A270FD6DD4C006A9E86 /* mprList.c */,
				C90A1A280FD6DD4C006A9E86 /* mprLock.c */,
				C90A1A290FD6DD4C006A9E86 /* mprLog.c */,
				C941899212ADC7FE00AD31B5 /* mprMem.c */,
				C92D5BBA130DE5C40097EBA8 /* mprMime.c */,
				C941899312ADC7FE00AD31B5 /* mprMixed.c */,
				C90A1A2A0FD6DD4C006A9E86 /* mprModule.c */,
				C90A1A2B0FD6DD4C006A9E86 /* mprPath.c */,
				C9E1001910D833E40085D594 /* mprPoll.c */,
				C90A1A2E0FD6DD4C006A9E86 /* mprPrintf.c */,
				C90A1A2F0FD6DD4C006A9E86 /* mprRomFile.c */,
				C9E1001A10D833E40085D594 /* mprSelect.c */,
				C9DC693A131C2DEB00E18F46 /* mprSignal.c */,
				C90A1A310FD6DD4C006A9E86 /* mprSocket.c */,
				C90A1A320FD6DD4C006A9E86 /* mprString.c */,
				C90A1A330FD6DD4C006A9E86 /* mprTest.c */,
				C90A1A340FD6DD4C006A9E86 /* mprThread.c */,
				C90A1A350FD6DD4C006A9E86 /* mprTime.c */,
				C90A1A370FD6DD4C006A9E86 /* mprUnix.c */,
				C90A1A390FD6DD4C006A9E86 /* mprVxworks.c */,
				C90A1A3A0FD6DD4C006A9E86 /* mprWait.c */,
				C941899412ADC7FE00AD31B5 /* mprWide.c */,
				C90A1A3B0FD6DD4C006A9E86 /* mprWin.c */,
				C90A1A3C0FD6DD4C006A9E86 /* mprWince.c */,
				C90A1A3D0FD6DD4C006A9E86 /* mprXml.c */,
				C90A1A850FD6DF34006A9E86 /* ssl */,
				C90A1A8C0FD6DF51006A9E86 /* test */,
				C90A1A8D0FD6DF58006A9E86 /* utils */,
			);
			name = Source;
			sourceTree = "<group>";
		};
		C90A19EF0FD6DCAD006A9E86 /* Products */ = {
			isa = PBXGroup;
			children = (
				C90A19FE0FD6DCD8006A9E86 /* libmprssl.dylib */,
				C90A1ACE0FD6E2A4006A9E86 /* testMpr */,
				C9FA8F831249069800FEAFE2 /* benchMpr */,
				C9F3AAF61252462100183E33 /* runProgram */,
				C9B23288136A18F800014E75 /* angel */,
			);
			name = Products;
			sourceTree = "<group>";
		};
		C90A1A850FD6DF34006A9E86 /* ssl */ = {
			isa = PBXGroup;
			children = (
				C90A1A860FD6DF4D006A9E86 /* mprMatrixssl.c */,
				C90A1A870FD6DF4D006A9E86 /* mprOpenssl.c */,
				C90A1A880FD6DF4D006A9E86 /* mprSsl.c */,
			);
			name = ssl;
			sourceTree = "<group>";
		};
		C90A1A8C0FD6DF51006A9E86 /* test */ = {
			isa = PBXGroup;
			children = (
				C9CD7934131441D5007794B0 /* testArgv.c */,
				C9FA8F8A124906F000FEAFE2 /* benchMpr.c */,
				C9F3AAFC1252464800183E33 /* runProgram.c */,
				C9EC264812B18D220087E7D9 /* testMem.c */,
				C9B21F641011D0DD001053BB /* testThread.c */,
				C90A1AE40FD6E319006A9E86 /* testBuf.c */,
				C90A1AE50FD6E319006A9E86 /* testCmd.c */,
				C90A1AE60FD6E319006A9E86 /* testCond.c */,
				C90A1AE70FD6E319006A9E86 /* testEvent.c */,
				C90A1AE80FD6E319006A9E86 /* testFile.c */,
				C90A1AE90FD6E319006A9E86 /* testHash.c */,
				C90A1AEB0FD6E319006A9E86 /* testList.c */,
				C90A1AEC0FD6E319006A9E86 /* testLock.c */,
				C90A1AED0FD6E319006A9E86 /* testMpr.c */,
				C90A1AEE0FD6E319006A9E86 /* testPath.c */,
				C90A1AF00FD6E319006A9E86 /* testSocket.c */,
				C90A1AF10FD6E319006A9E86 /* testSprintf.c */,
				C90A1AF20FD6E319006A9E86 /* testTime.c */,
				C90A1AF30FD6E319006A9E86 /* testUnicode.c */,
			);
			name = test;
			sourceTree = "<group>";
		};
		C90A1A8D0FD6DF58006A9E86 /* utils */ = {
			isa = PBXGroup;
			children = (
				C90A1ADF0FD6E2EF006A9E86 /* charGen.c */,
				C90A1AE10FD6E2EF006A9E86 /* makerom.c */,
			);
			name = utils;
			sourceTree = "<group>";
		};
		C9B2328A136A18F800014E75 /* angel */ = {
			isa = PBXGroup;
			children = (
				C9B2328B136A18F800014E75 /* main.c */,
				C9B2328D136A18F800014E75 /* angel.1 */,
			);
			path = angel;
			sourceTree = "<group>";
		};
		C9F8E4B1102B647A00492AB2 /* Libraries */ = {
			isa = PBXGroup;
			children = (
			);
			name = Libraries;
			sourceTree = "<group>";
		};
/* End PBXGroup section */

/* Begin PBXHeadersBuildPhase section */
		C90A19EA0FD6DCAD006A9E86 /* Headers */ = {
			isa = PBXHeadersBuildPhase;
			buildActionMask = 2147483647;
			files = (
			);
			runOnlyForDeploymentPostprocessing = 0;
		};
		C90A19FA0FD6DCD8006A9E86 /* Headers */ = {
			isa = PBXHeadersBuildPhase;
			buildActionMask = 2147483647;
			files = (
			);
			runOnlyForDeploymentPostprocessing = 0;
		};
/* End PBXHeadersBuildPhase section */

/* Begin PBXNativeTarget section */
		C90A19ED0FD6DCAD006A9E86 /* libmpr */ = {
			isa = PBXNativeTarget;
			buildConfigurationList = C90A19F20FD6DCAE006A9E86 /* Build configuration list for PBXNativeTarget "libmpr" */;
			buildPhases = (
				C90A19EA0FD6DCAD006A9E86 /* Headers */,
				C90A19EB0FD6DCAD006A9E86 /* Sources */,
				C90A19EC0FD6DCAD006A9E86 /* Frameworks */,
			);
			buildRules = (
			);
			dependencies = (
			);
			name = libmpr;
			productName = libmpr;
			productReference = C90A19EE0FD6DCAD006A9E86 /* libmpr.dylib */;
			productType = "com.apple.product-type.library.dynamic";
		};
		C90A19FD0FD6DCD8006A9E86 /* libmprssl */ = {
			isa = PBXNativeTarget;
			buildConfigurationList = C90A1A0D0FD6DD14006A9E86 /* Build configuration list for PBXNativeTarget "libmprssl" */;
			buildPhases = (
				C90A19FA0FD6DCD8006A9E86 /* Headers */,
				C90A19FB0FD6DCD8006A9E86 /* Sources */,
				C90A19FC0FD6DCD8006A9E86 /* Frameworks */,
			);
			buildRules = (
			);
			dependencies = (
			);
			name = libmprssl;
			productName = libmprssl;
			productReference = C90A19FE0FD6DCD8006A9E86 /* libmprssl.dylib */;
			productType = "com.apple.product-type.library.dynamic";
		};
		C90A1ACD0FD6E2A4006A9E86 /* testMpr */ = {
			isa = PBXNativeTarget;
			buildConfigurationList = C90A1ADE0FD6E2D2006A9E86 /* Build configuration list for PBXNativeTarget "testMpr" */;
			buildPhases = (
				C90A1ACB0FD6E2A4006A9E86 /* Sources */,
				C90A1ACC0FD6E2A4006A9E86 /* Frameworks */,
			);
			buildRules = (
			);
			dependencies = (
			);
			name = testMpr;
			productName = testMpr;
			productReference = C90A1ACE0FD6E2A4006A9E86 /* testMpr */;
			productType = "com.apple.product-type.tool";
		};
		C9B23287136A18F800014E75 /* angel */ = {
			isa = PBXNativeTarget;
			buildConfigurationList = C9B23290136A18F800014E75 /* Build configuration list for PBXNativeTarget "angel" */;
			buildPhases = (
				C9B23284136A18F800014E75 /* Sources */,
				C9B23285136A18F800014E75 /* Frameworks */,
				C9B23286136A18F800014E75 /* CopyFiles */,
			);
			buildRules = (
			);
			dependencies = (
				C9B23293136A190400014E75 /* PBXTargetDependency */,
			);
			name = angel;
			productName = angel;
			productReference = C9B23288136A18F800014E75 /* angel */;
			productType = "com.apple.product-type.tool";
		};
		C9F3AAF51252462100183E33 /* runProgram */ = {
			isa = PBXNativeTarget;
			buildConfigurationList = C9F3AAFE1252464800183E33 /* Build configuration list for PBXNativeTarget "runProgram" */;
			buildPhases = (
				C9F3AAF31252462100183E33 /* Sources */,
				C9F3AAF41252462100183E33 /* Frameworks */,
			);
			buildRules = (
			);
			dependencies = (
			);
			name = runProgram;
			productName = runProgram;
			productReference = C9F3AAF61252462100183E33 /* runProgram */;
			productType = "com.apple.product-type.tool";
		};
		C9FA8F821249069800FEAFE2 /* benchMpr */ = {
			isa = PBXNativeTarget;
			buildConfigurationList = C9FA8F87124906B700FEAFE2 /* Build configuration list for PBXNativeTarget "benchMpr" */;
			buildPhases = (
				C9FA8F801249069800FEAFE2 /* Sources */,
				C9FA8F811249069800FEAFE2 /* Frameworks */,
			);
			buildRules = (
			);
			dependencies = (
			);
			name = benchMpr;
			productName = benchMpr;
			productReference = C9FA8F831249069800FEAFE2 /* benchMpr */;
			productType = "com.apple.product-type.tool";
		};
/* End PBXNativeTarget section */

/* Begin PBXProject section */
		C90A19DC0FD6DC5E006A9E86 /* Project object */ = {
			isa = PBXProject;
			buildConfigurationList = C90A19DF0FD6DC5E006A9E86 /* Build configuration list for PBXProject "mpr-dynamic" */;
			compatibilityVersion = "Xcode 2.4";
			developmentRegion = English;
			hasScannedForEncodings = 0;
			knownRegions = (
				English,
				Japanese,
				French,
				German,
			);
			mainGroup = C90A19DA0FD6DC5E006A9E86;
			productRefGroup = C90A19EF0FD6DCAD006A9E86 /* Products */;
			projectDirPath = "";
			projectRoot = "";
			targets = (
				C90A1A010FD6DCEE006A9E86 /* All */,
				C90A19ED0FD6DCAD006A9E86 /* libmpr */,
				C90A19FD0FD6DCD8006A9E86 /* libmprssl */,
				C90A1ACD0FD6E2A4006A9E86 /* testMpr */,
				C9FA8F821249069800FEAFE2 /* benchMpr */,
				C9F3AAF51252462100183E33 /* runProgram */,
				C9B23287136A18F800014E75 /* angel */,
			);
		};
/* End PBXProject section */

/* Begin PBXSourcesBuildPhase section */
		C90A19EB0FD6DCAD006A9E86 /* Sources */ = {
			isa = PBXSourcesBuildPhase;
			buildActionMask = 2147483647;
			files = (
				C90A1A3E0FD6DD4C006A9E86 /* mpr.c in Sources */,
				C90A1A420FD6DD4C006A9E86 /* mprBuf.c in Sources */,
				C90A1A430FD6DD4C006A9E86 /* mprCmd.c in Sources */,
				C90A1A440FD6DD4C006A9E86 /* mprCond.c in Sources */,
				C90A1A450FD6DD4C006A9E86 /* mprCrypt.c in Sources */,
				C90A1A460FD6DD4C006A9E86 /* mprDisk.c in Sources */,
				C90A1A470FD6DD4C006A9E86 /* mprEvent.c in Sources */,
				C90A1A480FD6DD4C006A9E86 /* mprFile.c in Sources */,
				C90A1A490FD6DD4C006A9E86 /* mprFileSystem.c in Sources */,
				C90A1A4A0FD6DD4C006A9E86 /* mprHash.c in Sources */,
				C90A1A4C0FD6DD4C006A9E86 /* mprList.c in Sources */,
				C90A1A4D0FD6DD4C006A9E86 /* mprLock.c in Sources */,
				C90A1A4E0FD6DD4C006A9E86 /* mprLog.c in Sources */,
				C90A1A4F0FD6DD4C006A9E86 /* mprModule.c in Sources */,
				C90A1A500FD6DD4C006A9E86 /* mprPath.c in Sources */,
				C90A1A530FD6DD4C006A9E86 /* mprPrintf.c in Sources */,
				C90A1A540FD6DD4C006A9E86 /* mprRomFile.c in Sources */,
				C90A1A560FD6DD4C006A9E86 /* mprSocket.c in Sources */,
				C90A1A570FD6DD4C006A9E86 /* mprString.c in Sources */,
				C90A1A580FD6DD4C006A9E86 /* mprTest.c in Sources */,
				C90A1A590FD6DD4C006A9E86 /* mprThread.c in Sources */,
				C90A1A5A0FD6DD4C006A9E86 /* mprTime.c in Sources */,
				C90A1A5C0FD6DD4C006A9E86 /* mprUnix.c in Sources */,
				C90A1A5E0FD6DD4C006A9E86 /* mprVxworks.c in Sources */,
				C90A1A5F0FD6DD4C006A9E86 /* mprWait.c in Sources */,
				C90A1A600FD6DD4C006A9E86 /* mprWin.c in Sources */,
				C90A1A610FD6DD4C006A9E86 /* mprWince.c in Sources */,
				C90A1A620FD6DD4C006A9E86 /* mprXml.c in Sources */,
				C9E1001B10D833E40085D594 /* mprAsync.c in Sources */,
				C9E1001C10D833E40085D594 /* mprDispatcher.c in Sources */,
				C9E1001D10D833E40085D594 /* mprKqueue.c in Sources */,
				C9E1001E10D833E40085D594 /* mprPoll.c in Sources */,
				C9E1001F10D833E40085D594 /* mprSelect.c in Sources */,
				C9EAE707110A61C10062863F /* mprEncode.c in Sources */,
				C9EAE708110A61C10062863F /* mprEpoll.c in Sources */,
				C9EAE70A110A61D00062863F /* dtoa.c in Sources */,
				C941899512ADC7FE00AD31B5 /* mprMem.c in Sources */,
				C941899612ADC7FE00AD31B5 /* mprMixed.c in Sources */,
				C941899712ADC7FE00AD31B5 /* mprWide.c in Sources */,
				C988254812C820FA0029051B /* mprAtomic.c in Sources */,
				C92D5BBB130DE5C40097EBA8 /* mprMime.c in Sources */,
				C9DC693B131C2DEB00E18F46 /* mprSignal.c in Sources */,
			);
			runOnlyForDeploymentPostprocessing = 0;
		};
		C90A19FB0FD6DCD8006A9E86 /* Sources */ = {
			isa = PBXSourcesBuildPhase;
			buildActionMask = 2147483647;
			files = (
				C90A1A890FD6DF4D006A9E86 /* mprMatrixssl.c in Sources */,
				C90A1A8A0FD6DF4D006A9E86 /* mprOpenssl.c in Sources */,
				C90A1A8B0FD6DF4D006A9E86 /* mprSsl.c in Sources */,
			);
			runOnlyForDeploymentPostprocessing = 0;
		};
		C90A1ACB0FD6E2A4006A9E86 /* Sources */ = {
			isa = PBXSourcesBuildPhase;
			buildActionMask = 2147483647;
			files = (
				C90A1AF50FD6E319006A9E86 /* testBuf.c in Sources */,
				C90A1AF60FD6E319006A9E86 /* testCmd.c in Sources */,
				C90A1AF70FD6E319006A9E86 /* testCond.c in Sources */,
				C90A1AF80FD6E319006A9E86 /* testEvent.c in Sources */,
				C90A1AF90FD6E319006A9E86 /* testFile.c in Sources */,
				C90A1AFA0FD6E319006A9E86 /* testHash.c in Sources */,
				C90A1AFC0FD6E319006A9E86 /* testList.c in Sources */,
				C90A1AFD0FD6E319006A9E86 /* testLock.c in Sources */,
				C90A1AFE0FD6E319006A9E86 /* testMpr.c in Sources */,
				C90A1AFF0FD6E319006A9E86 /* testPath.c in Sources */,
				C90A1B010FD6E319006A9E86 /* testSocket.c in Sources */,
				C90A1B020FD6E319006A9E86 /* testSprintf.c in Sources */,
				C90A1B030FD6E319006A9E86 /* testTime.c in Sources */,
				C90A1B040FD6E319006A9E86 /* testUnicode.c in Sources */,
				C9B21F651011D0DD001053BB /* testThread.c in Sources */,
				C9EC264A12B18D220087E7D9 /* testMem.c in Sources */,
				C9CD7935131441D5007794B0 /* testArgv.c in Sources */,
			);
			runOnlyForDeploymentPostprocessing = 0;
		};
		C9B23284136A18F800014E75 /* Sources */ = {
			isa = PBXSourcesBuildPhase;
			buildActionMask = 2147483647;
			files = (
				C9B23295136A193100014E75 /* angel.c in Sources */,
			);
			runOnlyForDeploymentPostprocessing = 0;
		};
		C9F3AAF31252462100183E33 /* Sources */ = {
			isa = PBXSourcesBuildPhase;
			buildActionMask = 2147483647;
			files = (
				C9F3AAFD1252464800183E33 /* runProgram.c in Sources */,
			);
			runOnlyForDeploymentPostprocessing = 0;
		};
		C9FA8F801249069800FEAFE2 /* Sources */ = {
			isa = PBXSourcesBuildPhase;
			buildActionMask = 2147483647;
			files = (
				C9FA8F8B124906F000FEAFE2 /* benchMpr.c in Sources */,
			);
			runOnlyForDeploymentPostprocessing = 0;
		};
/* End PBXSourcesBuildPhase section */

/* Begin PBXTargetDependency section */
		C90A1A050FD6DCF6006A9E86 /* PBXTargetDependency */ = {
			isa = PBXTargetDependency;
			target = C90A19ED0FD6DCAD006A9E86 /* libmpr */;
			targetProxy = C90A1A040FD6DCF6006A9E86 /* PBXContainerItemProxy */;
		};
		C90A1A090FD6DCF6006A9E86 /* PBXTargetDependency */ = {
			isa = PBXTargetDependency;
			target = C90A19FD0FD6DCD8006A9E86 /* libmprssl */;
			targetProxy = C90A1A080FD6DCF6006A9E86 /* PBXContainerItemProxy */;
		};
		C90A1ADB0FD6E2B3006A9E86 /* PBXTargetDependency */ = {
			isa = PBXTargetDependency;
			target = C90A1ACD0FD6E2A4006A9E86 /* testMpr */;
			targetProxy = C90A1ADA0FD6E2B3006A9E86 /* PBXContainerItemProxy */;
		};
		C9B23293136A190400014E75 /* PBXTargetDependency */ = {
			isa = PBXTargetDependency;
			target = C90A19ED0FD6DCAD006A9E86 /* libmpr */;
			targetProxy = C9B23292136A190400014E75 /* PBXContainerItemProxy */;
		};
		C9B23297136A196B00014E75 /* PBXTargetDependency */ = {
			isa = PBXTargetDependency;
			target = C9B23287136A18F800014E75 /* angel */;
			targetProxy = C9B23296136A196B00014E75 /* PBXContainerItemProxy */;
		};
		C9F3AB021252465600183E33 /* PBXTargetDependency */ = {
			isa = PBXTargetDependency;
			target = C9F3AAF51252462100183E33 /* runProgram */;
			targetProxy = C9F3AB011252465600183E33 /* PBXContainerItemProxy */;
		};
		C9FA8F8F1249070000FEAFE2 /* PBXTargetDependency */ = {
			isa = PBXTargetDependency;
			target = C9FA8F821249069800FEAFE2 /* benchMpr */;
			targetProxy = C9FA8F8E1249070000FEAFE2 /* PBXContainerItemProxy */;
		};
/* End PBXTargetDependency section */

/* Begin XCBuildConfiguration section */
		C90A19DD0FD6DC5E006A9E86 /* Debug */ = {
			isa = XCBuildConfiguration;
			buildSettings = {
				ARCHS = "$(ONLY_ACTIVE_ARCH_PRE_XCODE_3_1)";
				COPY_PHASE_STRIP = NO;
				GCC_C_LANGUAGE_STANDARD = gnu99;
				GCC_PREPROCESSOR_DEFINITIONS = (
					"DEBUG_IDE=1",
					"STATIC_OVERRIDE=0",
				);
				HEADER_SEARCH_PATHS = (
					../../../out/include,
					../../../src/include,
				);
				LIBRARY_SEARCH_PATHS = ../../../out/lib;
				ONLY_ACTIVE_ARCH_PRE_XCODE_3_1 = "$(NATIVE_ARCH_64)";
				OTHER_LDFLAGS = (
					"-lcrypto",
					"-lssl",
				);
				SRC = ../../../src;
				TOP = ../../..;
			};
			name = Debug;
		};
		C90A19DE0FD6DC5E006A9E86 /* Release */ = {
			isa = XCBuildConfiguration;
			buildSettings = {
				ARCHS = "$(ONLY_ACTIVE_ARCH_PRE_XCODE_3_1)";
				COPY_PHASE_STRIP = YES;
				GCC_C_LANGUAGE_STANDARD = gnu99;
				GCC_PREPROCESSOR_DEFINITIONS = (
					"DEBUG_IDE=1",
					"STATIC_OVERRIDE=0",
				);
				ONLY_ACTIVE_ARCH_PRE_XCODE_3_1 = "$(NATIVE_ARCH)";
				OTHER_LDFLAGS = (
					"-lcrypto",
					"-lssl",
				);
				SRC = ../../../src;
				TOP = ../../..;
			};
			name = Release;
		};
		C90A19F00FD6DCAD006A9E86 /* Debug */ = {
			isa = XCBuildConfiguration;
			buildSettings = {
				ALWAYS_SEARCH_USER_PATHS = NO;
				ARCHS = "$(ARCHS_STANDARD_64_BIT_PRE_XCODE_3_1)";
				ARCHS_STANDARD_64_BIT_PRE_XCODE_3_1 = x86_64;
				COPY_PHASE_STRIP = NO;
				EXECUTABLE_PREFIX = "";
				GCC_DYNAMIC_NO_PIC = NO;
				GCC_ENABLE_FIX_AND_CONTINUE = YES;
				GCC_MODEL_TUNING = G5;
				GCC_OPTIMIZATION_LEVEL = 0;
				INSTALL_PATH = "";
				LD_DYLIB_INSTALL_NAME = libmpr.dylib;
				LIBRARY_SEARCH_PATHS = (
					"$(inherited)",
					"$(LIBRARY_SEARCH_PATHS_QUOTED_FOR_TARGET_1)",
				);
				LIBRARY_SEARCH_PATHS_QUOTED_FOR_TARGET_1 = "\"$(SRCROOT)/../../../out/lib\"";
				PREBINDING = NO;
				PRODUCT_NAME = libmpr;
			};
			name = Debug;
		};
		C90A19F10FD6DCAD006A9E86 /* Release */ = {
			isa = XCBuildConfiguration;
			buildSettings = {
				ALWAYS_SEARCH_USER_PATHS = NO;
				ARCHS = "$(ARCHS_STANDARD_64_BIT_PRE_XCODE_3_1)";
				ARCHS_STANDARD_64_BIT_PRE_XCODE_3_1 = x86_64;
				COPY_PHASE_STRIP = YES;
				DEBUG_INFORMATION_FORMAT = "dwarf-with-dsym";
				EXECUTABLE_PREFIX = "";
				GCC_ENABLE_FIX_AND_CONTINUE = NO;
				GCC_MODEL_TUNING = G5;
				INSTALL_PATH = /usr/local/lib;
				LIBRARY_SEARCH_PATHS = (
					"$(inherited)",
					"$(LIBRARY_SEARCH_PATHS_QUOTED_FOR_TARGET_1)",
				);
				LIBRARY_SEARCH_PATHS_QUOTED_FOR_TARGET_1 = "\"$(SRCROOT)/../../../out/lib\"";
				PREBINDING = NO;
				PRODUCT_NAME = libmpr;
				ZERO_LINK = NO;
			};
			name = Release;
		};
		C90A19FF0FD6DCD9006A9E86 /* Debug */ = {
			isa = XCBuildConfiguration;
			buildSettings = {
				ALWAYS_SEARCH_USER_PATHS = NO;
				ARCHS = "$(ARCHS_STANDARD_64_BIT_PRE_XCODE_3_1)";
				ARCHS_STANDARD_64_BIT_PRE_XCODE_3_1 = x86_64;
				COPY_PHASE_STRIP = NO;
				EXECUTABLE_PREFIX = "";
				GCC_DYNAMIC_NO_PIC = NO;
				GCC_ENABLE_FIX_AND_CONTINUE = YES;
				GCC_MODEL_TUNING = G5;
				GCC_OPTIMIZATION_LEVEL = 0;
				HEADER_SEARCH_PATHS = (
					../../../extensions/openssl/latest,
					../../../extensions/matrixssl/latest,
					../../../out/include,
					../../../src/include,
				);
				INSTALL_PATH = "";
				LD_DYLIB_INSTALL_NAME = libmprssl.dylib;
				LIBRARY_SEARCH_PATHS = (
					"$(inherited)",
					"$(LIBRARY_SEARCH_PATHS_QUOTED_FOR_TARGET_1)",
					"$(LIBRARY_SEARCH_PATHS_QUOTED_FOR_TARGET_2)",
				);
				"LIBRARY_SEARCH_PATHS[arch=*]" = (
					"$(inherited)",
					"$(LIBRARY_SEARCH_PATHS_QUOTED_FOR_TARGET_1)",
					"$(LIBRARY_SEARCH_PATHS_QUOTED_FOR_TARGET_2)",
				);
				LIBRARY_SEARCH_PATHS_QUOTED_FOR_TARGET_1 = "\"$(SRCROOT)/build/Debug\"";
				LIBRARY_SEARCH_PATHS_QUOTED_FOR_TARGET_2 = "\"$(SRCROOT)/../../../out/lib\"";
				PREBINDING = NO;
				PRODUCT_NAME = libmprssl;
			};
			name = Debug;
		};
		C90A1A000FD6DCD9006A9E86 /* Release */ = {
			isa = XCBuildConfiguration;
			buildSettings = {
				ALWAYS_SEARCH_USER_PATHS = NO;
				ARCHS = "$(ARCHS_STANDARD_64_BIT_PRE_XCODE_3_1)";
				ARCHS_STANDARD_64_BIT_PRE_XCODE_3_1 = x86_64;
				COPY_PHASE_STRIP = YES;
				DEBUG_INFORMATION_FORMAT = "dwarf-with-dsym";
				EXECUTABLE_PREFIX = "";
				GCC_ENABLE_FIX_AND_CONTINUE = NO;
				GCC_MODEL_TUNING = G5;
				INSTALL_PATH = /usr/local/lib;
				LD_DYLIB_INSTALL_NAME = libmprssl.dylib;
				LIBRARY_SEARCH_PATHS = (
					"$(inherited)",
					"$(LIBRARY_SEARCH_PATHS_QUOTED_FOR_TARGET_1)",
					"$(LIBRARY_SEARCH_PATHS_QUOTED_FOR_TARGET_2)",
					"$(LIBRARY_SEARCH_PATHS_QUOTED_FOR_TARGET_3)",
					"$(LIBRARY_SEARCH_PATHS_QUOTED_FOR_TARGET_4)",
				);
				LIBRARY_SEARCH_PATHS_QUOTED_FOR_TARGET_1 = "\"$(SRCROOT)/../../../lib\"";
				LIBRARY_SEARCH_PATHS_QUOTED_FOR_TARGET_2 = "\"$(SRCROOT)/../../../lib\"";
				LIBRARY_SEARCH_PATHS_QUOTED_FOR_TARGET_3 = "\"$(SRCROOT)/build/Debug\"";
				LIBRARY_SEARCH_PATHS_QUOTED_FOR_TARGET_4 = "\"$(SRCROOT)/../../../out/lib\"";
				PREBINDING = NO;
				PRODUCT_NAME = libmprssl;
				ZERO_LINK = NO;
			};
			name = Release;
		};
		C90A1A020FD6DCEE006A9E86 /* Debug */ = {
			isa = XCBuildConfiguration;
			buildSettings = {
				COPY_PHASE_STRIP = NO;
				GCC_DYNAMIC_NO_PIC = NO;
				GCC_OPTIMIZATION_LEVEL = 0;
				PRODUCT_NAME = All;
			};
			name = Debug;
		};
		C90A1A030FD6DCEE006A9E86 /* Release */ = {
			isa = XCBuildConfiguration;
			buildSettings = {
				ARCHS = "$(ARCHS_STANDARD_64_BIT_PRE_XCODE_3_1)";
				ARCHS_STANDARD_64_BIT_PRE_XCODE_3_1 = x86_64;
				COPY_PHASE_STRIP = YES;
				DEBUG_INFORMATION_FORMAT = "dwarf-with-dsym";
				GCC_ENABLE_FIX_AND_CONTINUE = NO;
				PRODUCT_NAME = All;
				ZERO_LINK = NO;
			};
			name = Release;
		};
		C90A1AD00FD6E2A5006A9E86 /* Debug */ = {
			isa = XCBuildConfiguration;
			buildSettings = {
				ALWAYS_SEARCH_USER_PATHS = NO;
				ARCHS = "$(ARCHS_STANDARD_64_BIT_PRE_XCODE_3_1)";
				ARCHS_STANDARD_64_BIT_PRE_XCODE_3_1 = x86_64;
				COPY_PHASE_STRIP = NO;
				GCC_DYNAMIC_NO_PIC = NO;
				GCC_ENABLE_FIX_AND_CONTINUE = YES;
				GCC_MODEL_TUNING = G5;
				GCC_OPTIMIZATION_LEVEL = 0;
				INSTALL_PATH = "";
				PREBINDING = NO;
				PRODUCT_NAME = testMpr;
			};
			name = Debug;
		};
		C90A1AD10FD6E2A5006A9E86 /* Release */ = {
			isa = XCBuildConfiguration;
			buildSettings = {
				ALWAYS_SEARCH_USER_PATHS = NO;
				ARCHS = "$(ARCHS_STANDARD_64_BIT_PRE_XCODE_3_1)";
				ARCHS_STANDARD_64_BIT_PRE_XCODE_3_1 = x86_64;
				COPY_PHASE_STRIP = YES;
				DEBUG_INFORMATION_FORMAT = "dwarf-with-dsym";
				GCC_ENABLE_FIX_AND_CONTINUE = NO;
				GCC_MODEL_TUNING = G5;
				INSTALL_PATH = /usr/local/bin;
				PREBINDING = NO;
				PRODUCT_NAME = testMpr;
				ZERO_LINK = NO;
			};
			name = Release;
		};
		C9B2328E136A18F800014E75 /* Debug */ = {
			isa = XCBuildConfiguration;
			buildSettings = {
				ALWAYS_SEARCH_USER_PATHS = NO;
				ARCHS = "$(ARCHS_STANDARD_32_64_BIT_PRE_XCODE_3_1)";
				ARCHS_STANDARD_32_64_BIT_PRE_XCODE_3_1 = "x86_64 i386 ppc";
				COPY_PHASE_STRIP = NO;
				GCC_DYNAMIC_NO_PIC = NO;
				GCC_ENABLE_OBJC_EXCEPTIONS = YES;
				GCC_OPTIMIZATION_LEVEL = 0;
				GCC_PREPROCESSOR_DEFINITIONS = DEBUG;
				GCC_SYMBOLS_PRIVATE_EXTERN = NO;
				GCC_VERSION = com.apple.compilers.llvm.clang.1_0;
				GCC_WARN_64_TO_32_BIT_CONVERSION = YES;
				GCC_WARN_ABOUT_RETURN_TYPE = YES;
				GCC_WARN_UNUSED_VARIABLE = YES;
				MACOSX_DEPLOYMENT_TARGET = 10.6;
				PRODUCT_NAME = "$(TARGET_NAME)";
				SDKROOT = macosx;
			};
			name = Debug;
		};
		C9B2328F136A18F800014E75 /* Release */ = {
			isa = XCBuildConfiguration;
			buildSettings = {
				ALWAYS_SEARCH_USER_PATHS = NO;
				ARCHS = "$(ARCHS_STANDARD_32_64_BIT_PRE_XCODE_3_1)";
				ARCHS_STANDARD_32_64_BIT_PRE_XCODE_3_1 = "x86_64 i386 ppc";
				COPY_PHASE_STRIP = YES;
				DEBUG_INFORMATION_FORMAT = "dwarf-with-dsym";
				GCC_ENABLE_OBJC_EXCEPTIONS = YES;
				GCC_VERSION = com.apple.compilers.llvm.clang.1_0;
				GCC_WARN_64_TO_32_BIT_CONVERSION = YES;
				GCC_WARN_ABOUT_RETURN_TYPE = YES;
				GCC_WARN_UNUSED_VARIABLE = YES;
				MACOSX_DEPLOYMENT_TARGET = 10.6;
				PRODUCT_NAME = "$(TARGET_NAME)";
				SDKROOT = macosx;
			};
			name = Release;
		};
		C9F3AAF81252462200183E33 /* Debug */ = {
			isa = XCBuildConfiguration;
			buildSettings = {
				ALWAYS_SEARCH_USER_PATHS = NO;
				ARCHS = "$(ARCHS_STANDARD_64_BIT_PRE_XCODE_3_1)";
				ARCHS_STANDARD_64_BIT_PRE_XCODE_3_1 = x86_64;
				COPY_PHASE_STRIP = NO;
				GCC_DYNAMIC_NO_PIC = NO;
				GCC_ENABLE_FIX_AND_CONTINUE = YES;
				GCC_MODEL_TUNING = G5;
				GCC_OPTIMIZATION_LEVEL = 0;
				INSTALL_PATH = /usr/local/bin;
				LD_RUNPATH_SEARCH_PATHS = "";
				LINK_WITH_STANDARD_LIBRARIES = YES;
				OTHER_LDFLAGS = "";
				PREBINDING = NO;
				PRODUCT_NAME = runProgram;
				STANDARD_C_PLUS_PLUS_LIBRARY_TYPE = dynamic;
			};
			name = Debug;
		};
		C9F3AAF91252462200183E33 /* Release */ = {
			isa = XCBuildConfiguration;
			buildSettings = {
				ALWAYS_SEARCH_USER_PATHS = NO;
				ARCHS = "$(ARCHS_STANDARD_64_BIT_PRE_XCODE_3_1)";
				ARCHS_STANDARD_64_BIT_PRE_XCODE_3_1 = x86_64;
				COPY_PHASE_STRIP = YES;
				DEBUG_INFORMATION_FORMAT = "dwarf-with-dsym";
				GCC_ENABLE_FIX_AND_CONTINUE = NO;
				GCC_MODEL_TUNING = G5;
				INSTALL_PATH = /usr/local/bin;
				OTHER_LDFLAGS = "";
				PREBINDING = NO;
				PRODUCT_NAME = runProgram;
				STANDARD_C_PLUS_PLUS_LIBRARY_TYPE = dynamic;
				ZERO_LINK = NO;
			};
			name = Release;
		};
		C9FA8F851249069900FEAFE2 /* Debug */ = {
			isa = XCBuildConfiguration;
			buildSettings = {
				ALWAYS_SEARCH_USER_PATHS = NO;
				ARCHS = "$(ARCHS_STANDARD_64_BIT_PRE_XCODE_3_1)";
				ARCHS_STANDARD_64_BIT_PRE_XCODE_3_1 = x86_64;
				COPY_PHASE_STRIP = NO;
				GCC_DYNAMIC_NO_PIC = NO;
				GCC_ENABLE_FIX_AND_CONTINUE = YES;
				GCC_MODEL_TUNING = G5;
				GCC_OPTIMIZATION_LEVEL = 0;
				INSTALL_PATH = /usr/local/bin;
				PREBINDING = NO;
				PRODUCT_NAME = benchMpr;
			};
			name = Debug;
		};
		C9FA8F861249069900FEAFE2 /* Release */ = {
			isa = XCBuildConfiguration;
			buildSettings = {
				ALWAYS_SEARCH_USER_PATHS = NO;
				ARCHS = "$(ARCHS_STANDARD_64_BIT_PRE_XCODE_3_1)";
				ARCHS_STANDARD_64_BIT_PRE_XCODE_3_1 = x86_64;
				COPY_PHASE_STRIP = YES;
				DEBUG_INFORMATION_FORMAT = "dwarf-with-dsym";
				GCC_ENABLE_FIX_AND_CONTINUE = NO;
				GCC_MODEL_TUNING = G5;
				INSTALL_PATH = /usr/local/bin;
				PREBINDING = NO;
				PRODUCT_NAME = benchMpr;
				ZERO_LINK = NO;
			};
			name = Release;
		};
/* End XCBuildConfiguration section */

/* Begin XCConfigurationList section */
		C90A19DF0FD6DC5E006A9E86 /* Build configuration list for PBXProject "mpr-dynamic" */ = {
			isa = XCConfigurationList;
			buildConfigurations = (
				C90A19DD0FD6DC5E006A9E86 /* Debug */,
				C90A19DE0FD6DC5E006A9E86 /* Release */,
			);
			defaultConfigurationIsVisible = 0;
			defaultConfigurationName = Release;
		};
		C90A19F20FD6DCAE006A9E86 /* Build configuration list for PBXNativeTarget "libmpr" */ = {
			isa = XCConfigurationList;
			buildConfigurations = (
				C90A19F00FD6DCAD006A9E86 /* Debug */,
				C90A19F10FD6DCAD006A9E86 /* Release */,
			);
			defaultConfigurationIsVisible = 0;
			defaultConfigurationName = Release;
		};
		C90A1A0D0FD6DD14006A9E86 /* Build configuration list for PBXNativeTarget "libmprssl" */ = {
			isa = XCConfigurationList;
			buildConfigurations = (
				C90A19FF0FD6DCD9006A9E86 /* Debug */,
				C90A1A000FD6DCD9006A9E86 /* Release */,
			);
			defaultConfigurationIsVisible = 0;
			defaultConfigurationName = Release;
		};
		C90A1A0E0FD6DD14006A9E86 /* Build configuration list for PBXAggregateTarget "All" */ = {
			isa = XCConfigurationList;
			buildConfigurations = (
				C90A1A020FD6DCEE006A9E86 /* Debug */,
				C90A1A030FD6DCEE006A9E86 /* Release */,
			);
			defaultConfigurationIsVisible = 0;
			defaultConfigurationName = Release;
		};
		C90A1ADE0FD6E2D2006A9E86 /* Build configuration list for PBXNativeTarget "testMpr" */ = {
			isa = XCConfigurationList;
			buildConfigurations = (
				C90A1AD00FD6E2A5006A9E86 /* Debug */,
				C90A1AD10FD6E2A5006A9E86 /* Release */,
			);
			defaultConfigurationIsVisible = 0;
			defaultConfigurationName = Release;
		};
		C9B23290136A18F800014E75 /* Build configuration list for PBXNativeTarget "angel" */ = {
			isa = XCConfigurationList;
			buildConfigurations = (
				C9B2328E136A18F800014E75 /* Debug */,
				C9B2328F136A18F800014E75 /* Release */,
			);
			defaultConfigurationIsVisible = 0;
			defaultConfigurationName = Release;
		};
		C9F3AAFE1252464800183E33 /* Build configuration list for PBXNativeTarget "runProgram" */ = {
			isa = XCConfigurationList;
			buildConfigurations = (
				C9F3AAF81252462200183E33 /* Debug */,
				C9F3AAF91252462200183E33 /* Release */,
			);
			defaultConfigurationIsVisible = 0;
			defaultConfigurationName = Release;
		};
		C9FA8F87124906B700FEAFE2 /* Build configuration list for PBXNativeTarget "benchMpr" */ = {
			isa = XCConfigurationList;
			buildConfigurations = (
				C9FA8F851249069900FEAFE2 /* Debug */,
				C9FA8F861249069900FEAFE2 /* Release */,
			);
			defaultConfigurationIsVisible = 0;
			defaultConfigurationName = Release;
		};
/* End XCConfigurationList section */
	};
	rootObject = C90A19DC0FD6DC5E006A9E86 /* Project object */;
}
